// !$*UTF8*$!
{
	archiveVersion = 1;
	classes = {
	};
	objectVersion = 56;
	objects = {

/* Begin PBXBuildFile section */
		8C87C9B02B7409BC00287249 /* TabBarController.swift in Sources */ = {isa = PBXBuildFile; fileRef = 8C87C9AF2B7409BC00287249 /* TabBarController.swift */; };
		8C87C9B22B766BCE00287249 /* HomeController.swift in Sources */ = {isa = PBXBuildFile; fileRef = 8C87C9B12B766BCE00287249 /* HomeController.swift */; };
		8C87C9B52B77711C00287249 /* HomeViewModel.swift in Sources */ = {isa = PBXBuildFile; fileRef = 8C87C9B42B77711C00287249 /* HomeViewModel.swift */; };
		8C87C9C32B77780F00287249 /* HomeCell.swift in Sources */ = {isa = PBXBuildFile; fileRef = 8C87C9C12B77780F00287249 /* HomeCell.swift */; };
		8C87C9C42B77780F00287249 /* HomeCell.xib in Resources */ = {isa = PBXBuildFile; fileRef = 8C87C9C22B77780F00287249 /* HomeCell.xib */; };
		8C97F3552B6D433C006B3FB4 /* Poppins-Italic.ttf in Resources */ = {isa = PBXBuildFile; fileRef = 8C97F3432B6D433B006B3FB4 /* Poppins-Italic.ttf */; };
		8C97F3562B6D433C006B3FB4 /* Poppins-SemiBold.ttf in Resources */ = {isa = PBXBuildFile; fileRef = 8C97F3442B6D433C006B3FB4 /* Poppins-SemiBold.ttf */; };
		8C97F3572B6D433C006B3FB4 /* Poppins-ExtraLightItalic.ttf in Resources */ = {isa = PBXBuildFile; fileRef = 8C97F3452B6D433C006B3FB4 /* Poppins-ExtraLightItalic.ttf */; };
		8C97F3582B6D433C006B3FB4 /* Poppins-Medium.ttf in Resources */ = {isa = PBXBuildFile; fileRef = 8C97F3462B6D433C006B3FB4 /* Poppins-Medium.ttf */; };
		8C97F3592B6D433C006B3FB4 /* Poppins-Black.ttf in Resources */ = {isa = PBXBuildFile; fileRef = 8C97F3472B6D433C006B3FB4 /* Poppins-Black.ttf */; };
		8C97F35A2B6D433C006B3FB4 /* Poppins-BoldItalic.ttf in Resources */ = {isa = PBXBuildFile; fileRef = 8C97F3482B6D433C006B3FB4 /* Poppins-BoldItalic.ttf */; };
		8C97F35B2B6D433C006B3FB4 /* Poppins-ThinItalic.ttf in Resources */ = {isa = PBXBuildFile; fileRef = 8C97F3492B6D433C006B3FB4 /* Poppins-ThinItalic.ttf */; };
		8C97F35C2B6D433C006B3FB4 /* Poppins-LightItalic.ttf in Resources */ = {isa = PBXBuildFile; fileRef = 8C97F34A2B6D433C006B3FB4 /* Poppins-LightItalic.ttf */; };
		8C97F35D2B6D433C006B3FB4 /* Poppins-BlackItalic.ttf in Resources */ = {isa = PBXBuildFile; fileRef = 8C97F34B2B6D433C006B3FB4 /* Poppins-BlackItalic.ttf */; };
		8C97F35E2B6D433C006B3FB4 /* Poppins-ExtraBoldItalic.ttf in Resources */ = {isa = PBXBuildFile; fileRef = 8C97F34C2B6D433C006B3FB4 /* Poppins-ExtraBoldItalic.ttf */; };
		8C97F35F2B6D433C006B3FB4 /* Poppins-Light.ttf in Resources */ = {isa = PBXBuildFile; fileRef = 8C97F34D2B6D433C006B3FB4 /* Poppins-Light.ttf */; };
		8C97F3602B6D433C006B3FB4 /* Poppins-ExtraLight.ttf in Resources */ = {isa = PBXBuildFile; fileRef = 8C97F34E2B6D433C006B3FB4 /* Poppins-ExtraLight.ttf */; };
		8C97F3612B6D433C006B3FB4 /* Poppins-MediumItalic.ttf in Resources */ = {isa = PBXBuildFile; fileRef = 8C97F34F2B6D433C006B3FB4 /* Poppins-MediumItalic.ttf */; };
		8C97F3622B6D433C006B3FB4 /* Poppins-Thin.ttf in Resources */ = {isa = PBXBuildFile; fileRef = 8C97F3502B6D433C006B3FB4 /* Poppins-Thin.ttf */; };
		8C97F3632B6D433C006B3FB4 /* Poppins-SemiBoldItalic.ttf in Resources */ = {isa = PBXBuildFile; fileRef = 8C97F3512B6D433C006B3FB4 /* Poppins-SemiBoldItalic.ttf */; };
		8C97F3642B6D433C006B3FB4 /* Poppins-ExtraBold.ttf in Resources */ = {isa = PBXBuildFile; fileRef = 8C97F3522B6D433C006B3FB4 /* Poppins-ExtraBold.ttf */; };
		8C97F3652B6D433C006B3FB4 /* Poppins-Regular.ttf in Resources */ = {isa = PBXBuildFile; fileRef = 8C97F3532B6D433C006B3FB4 /* Poppins-Regular.ttf */; };
		8C97F3662B6D433C006B3FB4 /* Poppins-Bold.ttf in Resources */ = {isa = PBXBuildFile; fileRef = 8C97F3542B6D433C006B3FB4 /* Poppins-Bold.ttf */; };
		8C97F36A2B6D44C9006B3FB4 /* İmportFont.swift in Sources */ = {isa = PBXBuildFile; fileRef = 8C97F3692B6D44C8006B3FB4 /* İmportFont.swift */; };
		8C97F36C2B6D44F2006B3FB4 /* İmportColor.swift in Sources */ = {isa = PBXBuildFile; fileRef = 8C97F36B2B6D44F2006B3FB4 /* İmportColor.swift */; };
		8C97F36E2B6D4872006B3FB4 /* GoogleService-Info.plist in Resources */ = {isa = PBXBuildFile; fileRef = 8C97F36D2B6D4872006B3FB4 /* GoogleService-Info.plist */; };
		8C97F37C2B6E3A81006B3FB4 /* UserStruct.swift in Sources */ = {isa = PBXBuildFile; fileRef = 8C97F37B2B6E3A81006B3FB4 /* UserStruct.swift */; };
		8C97F37E2B6E616D006B3FB4 /* RegisterController.swift in Sources */ = {isa = PBXBuildFile; fileRef = 8C97F37D2B6E616D006B3FB4 /* RegisterController.swift */; };
		8C9FF25E2B5EF64B00CA6EEF /* StartedController.swift in Sources */ = {isa = PBXBuildFile; fileRef = 8C9FF25D2B5EF64B00CA6EEF /* StartedController.swift */; };
		8C9FF2602B5EFD5400CA6EEF /* LoginController.swift in Sources */ = {isa = PBXBuildFile; fileRef = 8C9FF25F2B5EFD5400CA6EEF /* LoginController.swift */; };
		8CDD56B82B84CA7100C80FBD /* DataModel.swift in Sources */ = {isa = PBXBuildFile; fileRef = 8CDD56B72B84CA7100C80FBD /* DataModel.swift */; };
		8CDD56BA2B86231100C80FBD /* Recipe.swift in Sources */ = {isa = PBXBuildFile; fileRef = 8CDD56B92B86231100C80FBD /* Recipe.swift */; };
		8CDD56BD2B8624A400C80FBD /* NetworkManager.swift in Sources */ = {isa = PBXBuildFile; fileRef = 8CDD56BC2B8624A400C80FBD /* NetworkManager.swift */; };
		8CDD56BF2B86254F00C80FBD /* NetworkHelper.swift in Sources */ = {isa = PBXBuildFile; fileRef = 8CDD56BE2B86254F00C80FBD /* NetworkHelper.swift */; };
		8CDD56C22B8625A500C80FBD /* Alamofire in Frameworks */ = {isa = PBXBuildFile; productRef = 8CDD56C12B8625A500C80FBD /* Alamofire */; };
		8CDD56C42B8626EB00C80FBD /* HomeEndpoint.swift in Sources */ = {isa = PBXBuildFile; fileRef = 8CDD56C32B8626EB00C80FBD /* HomeEndpoint.swift */; };
		8CDD56C62B86270600C80FBD /* HomeManager.swift in Sources */ = {isa = PBXBuildFile; fileRef = 8CDD56C52B86270600C80FBD /* HomeManager.swift */; };
		8CDD56C82B8764AF00C80FBD /* HomeUseCase.swift in Sources */ = {isa = PBXBuildFile; fileRef = 8CDD56C72B8764AF00C80FBD /* HomeUseCase.swift */; };
		8CDD56CA2B88D2F900C80FBD /* Image.swift in Sources */ = {isa = PBXBuildFile; fileRef = 8CDD56C92B88D2F900C80FBD /* Image.swift */; };
		8CDD56CD2B88D3D900C80FBD /* SDWebImage in Frameworks */ = {isa = PBXBuildFile; productRef = 8CDD56CC2B88D3D900C80FBD /* SDWebImage */; };
		8CDD56CF2B88D3D900C80FBD /* SDWebImageMapKit in Frameworks */ = {isa = PBXBuildFile; productRef = 8CDD56CE2B88D3D900C80FBD /* SDWebImageMapKit */; };
		8CDD56D22B89403100C80FBD /* FoodViewModel.swift in Sources */ = {isa = PBXBuildFile; fileRef = 8CDD56D12B89403100C80FBD /* FoodViewModel.swift */; };
		8CDD56D42B89493100C80FBD /* RecipeDetailsController.swift in Sources */ = {isa = PBXBuildFile; fileRef = 8CDD56D32B89493100C80FBD /* RecipeDetailsController.swift */; };
		8CDD83A82B6FF41F0043BD85 /* FirebaseAnalytics in Frameworks */ = {isa = PBXBuildFile; productRef = 8CDD83A72B6FF41F0043BD85 /* FirebaseAnalytics */; };
		8CDD83AA2B6FF41F0043BD85 /* FirebaseAnalyticsOnDeviceConversion in Frameworks */ = {isa = PBXBuildFile; productRef = 8CDD83A92B6FF41F0043BD85 /* FirebaseAnalyticsOnDeviceConversion */; };
		8CDD83AC2B6FF41F0043BD85 /* FirebaseAnalyticsSwift in Frameworks */ = {isa = PBXBuildFile; productRef = 8CDD83AB2B6FF41F0043BD85 /* FirebaseAnalyticsSwift */; };
		8CDD83AE2B6FF41F0043BD85 /* FirebaseAnalyticsWithoutAdIdSupport in Frameworks */ = {isa = PBXBuildFile; productRef = 8CDD83AD2B6FF41F0043BD85 /* FirebaseAnalyticsWithoutAdIdSupport */; };
		8CDD83B02B6FF41F0043BD85 /* FirebaseAppCheck in Frameworks */ = {isa = PBXBuildFile; productRef = 8CDD83AF2B6FF41F0043BD85 /* FirebaseAppCheck */; };
		8CDD83B32B700E0E0043BD85 /* FirebaseFirestore in Frameworks */ = {isa = PBXBuildFile; productRef = 8CDD83B22B700E0E0043BD85 /* FirebaseFirestore */; };
		8CDD83B52B7011F80043BD85 /* FirebaseAnalytics in Frameworks */ = {isa = PBXBuildFile; productRef = 8CDD83B42B7011F80043BD85 /* FirebaseAnalytics */; };
		8CDD83B72B7011F80043BD85 /* FirebaseAnalyticsOnDeviceConversion in Frameworks */ = {isa = PBXBuildFile; productRef = 8CDD83B62B7011F80043BD85 /* FirebaseAnalyticsOnDeviceConversion */; };
		8CDD83B92B7011F80043BD85 /* FirebaseAnalyticsSwift in Frameworks */ = {isa = PBXBuildFile; productRef = 8CDD83B82B7011F80043BD85 /* FirebaseAnalyticsSwift */; };
		8CDD83BB2B7011F80043BD85 /* FirebaseAnalyticsWithoutAdIdSupport in Frameworks */ = {isa = PBXBuildFile; productRef = 8CDD83BA2B7011F80043BD85 /* FirebaseAnalyticsWithoutAdIdSupport */; };
		8CDD83BD2B7011F80043BD85 /* FirebaseAppCheck in Frameworks */ = {isa = PBXBuildFile; productRef = 8CDD83BC2B7011F80043BD85 /* FirebaseAppCheck */; };
		8CDD83BF2B7011F80043BD85 /* FirebaseAppDistribution-Beta in Frameworks */ = {isa = PBXBuildFile; productRef = 8CDD83BE2B7011F80043BD85 /* FirebaseAppDistribution-Beta */; };
		8CDD83C12B7011F80043BD85 /* FirebaseAuth in Frameworks */ = {isa = PBXBuildFile; productRef = 8CDD83C02B7011F80043BD85 /* FirebaseAuth */; };
		8CDD83C32B7011F80043BD85 /* FirebaseAuthCombine-Community in Frameworks */ = {isa = PBXBuildFile; productRef = 8CDD83C22B7011F80043BD85 /* FirebaseAuthCombine-Community */; };
		8CDD83C52B7011F80043BD85 /* FirebaseCrashlytics in Frameworks */ = {isa = PBXBuildFile; productRef = 8CDD83C42B7011F80043BD85 /* FirebaseCrashlytics */; };
		8CDD83C72B7011F80043BD85 /* FirebaseDatabase in Frameworks */ = {isa = PBXBuildFile; productRef = 8CDD83C62B7011F80043BD85 /* FirebaseDatabase */; };
		8CDD83C92B7011F80043BD85 /* FirebaseDatabaseSwift in Frameworks */ = {isa = PBXBuildFile; productRef = 8CDD83C82B7011F80043BD85 /* FirebaseDatabaseSwift */; };
		8CDD83CB2B7011F80043BD85 /* FirebaseDynamicLinks in Frameworks */ = {isa = PBXBuildFile; productRef = 8CDD83CA2B7011F80043BD85 /* FirebaseDynamicLinks */; };
		8CDD83CD2B7011F80043BD85 /* FirebaseFirestore in Frameworks */ = {isa = PBXBuildFile; productRef = 8CDD83CC2B7011F80043BD85 /* FirebaseFirestore */; };
		8CDD83CF2B7011F80043BD85 /* FirebaseFirestoreCombine-Community in Frameworks */ = {isa = PBXBuildFile; productRef = 8CDD83CE2B7011F80043BD85 /* FirebaseFirestoreCombine-Community */; };
		8CDD83D12B7011F80043BD85 /* FirebaseFirestoreSwift in Frameworks */ = {isa = PBXBuildFile; productRef = 8CDD83D02B7011F80043BD85 /* FirebaseFirestoreSwift */; };
		8CDD83D32B7011F80043BD85 /* FirebaseFunctions in Frameworks */ = {isa = PBXBuildFile; productRef = 8CDD83D22B7011F80043BD85 /* FirebaseFunctions */; };
		8CDD83D52B7011F80043BD85 /* FirebaseFunctionsCombine-Community in Frameworks */ = {isa = PBXBuildFile; productRef = 8CDD83D42B7011F80043BD85 /* FirebaseFunctionsCombine-Community */; };
		8CDD83D72B7011F90043BD85 /* FirebaseInAppMessaging-Beta in Frameworks */ = {isa = PBXBuildFile; productRef = 8CDD83D62B7011F90043BD85 /* FirebaseInAppMessaging-Beta */; };
		8CDD83D92B7011F90043BD85 /* FirebaseInAppMessagingSwift-Beta in Frameworks */ = {isa = PBXBuildFile; productRef = 8CDD83D82B7011F90043BD85 /* FirebaseInAppMessagingSwift-Beta */; };
		8CDD83DB2B7011F90043BD85 /* FirebaseInstallations in Frameworks */ = {isa = PBXBuildFile; productRef = 8CDD83DA2B7011F90043BD85 /* FirebaseInstallations */; };
		8CDD83DD2B7011F90043BD85 /* FirebaseMLModelDownloader in Frameworks */ = {isa = PBXBuildFile; productRef = 8CDD83DC2B7011F90043BD85 /* FirebaseMLModelDownloader */; };
		8CDD83DF2B7011F90043BD85 /* FirebaseMessaging in Frameworks */ = {isa = PBXBuildFile; productRef = 8CDD83DE2B7011F90043BD85 /* FirebaseMessaging */; };
		8CDD83E12B7011F90043BD85 /* FirebasePerformance in Frameworks */ = {isa = PBXBuildFile; productRef = 8CDD83E02B7011F90043BD85 /* FirebasePerformance */; };
		8CDD83E32B7011F90043BD85 /* FirebaseRemoteConfig in Frameworks */ = {isa = PBXBuildFile; productRef = 8CDD83E22B7011F90043BD85 /* FirebaseRemoteConfig */; };
		8CDD83E52B7011F90043BD85 /* FirebaseRemoteConfigSwift in Frameworks */ = {isa = PBXBuildFile; productRef = 8CDD83E42B7011F90043BD85 /* FirebaseRemoteConfigSwift */; };
		8CDD83E72B7011F90043BD85 /* FirebaseStorage in Frameworks */ = {isa = PBXBuildFile; productRef = 8CDD83E62B7011F90043BD85 /* FirebaseStorage */; };
		8CDD83E92B7011F90043BD85 /* FirebaseStorageCombine-Community in Frameworks */ = {isa = PBXBuildFile; productRef = 8CDD83E82B7011F90043BD85 /* FirebaseStorageCombine-Community */; };
		8CEB9FD12B50093B0094AEEA /* AppDelegate.swift in Sources */ = {isa = PBXBuildFile; fileRef = 8CEB9FD02B50093B0094AEEA /* AppDelegate.swift */; };
		8CEB9FD32B50093B0094AEEA /* SceneDelegate.swift in Sources */ = {isa = PBXBuildFile; fileRef = 8CEB9FD22B50093B0094AEEA /* SceneDelegate.swift */; };
		8CEB9FD82B50093B0094AEEA /* Main.storyboard in Resources */ = {isa = PBXBuildFile; fileRef = 8CEB9FD62B50093B0094AEEA /* Main.storyboard */; };
		8CEB9FDA2B50093D0094AEEA /* Assets.xcassets in Resources */ = {isa = PBXBuildFile; fileRef = 8CEB9FD92B50093D0094AEEA /* Assets.xcassets */; };
		8CEB9FDD2B50093D0094AEEA /* LaunchScreen.storyboard in Resources */ = {isa = PBXBuildFile; fileRef = 8CEB9FDB2B50093D0094AEEA /* LaunchScreen.storyboard */; };
/* End PBXBuildFile section */

/* Begin PBXFileReference section */
		8C87C9AF2B7409BC00287249 /* TabBarController.swift */ = {isa = PBXFileReference; lastKnownFileType = sourcecode.swift; path = TabBarController.swift; sourceTree = "<group>"; };
		8C87C9B12B766BCE00287249 /* HomeController.swift */ = {isa = PBXFileReference; lastKnownFileType = sourcecode.swift; path = HomeController.swift; sourceTree = "<group>"; };
		8C87C9B42B77711C00287249 /* HomeViewModel.swift */ = {isa = PBXFileReference; lastKnownFileType = sourcecode.swift; path = HomeViewModel.swift; sourceTree = "<group>"; };
		8C87C9C12B77780F00287249 /* HomeCell.swift */ = {isa = PBXFileReference; lastKnownFileType = sourcecode.swift; path = HomeCell.swift; sourceTree = "<group>"; };
		8C87C9C22B77780F00287249 /* HomeCell.xib */ = {isa = PBXFileReference; lastKnownFileType = file.xib; path = HomeCell.xib; sourceTree = "<group>"; };
		8C97F3432B6D433B006B3FB4 /* Poppins-Italic.ttf */ = {isa = PBXFileReference; lastKnownFileType = file; path = "Poppins-Italic.ttf"; sourceTree = "<group>"; };
		8C97F3442B6D433C006B3FB4 /* Poppins-SemiBold.ttf */ = {isa = PBXFileReference; lastKnownFileType = file; path = "Poppins-SemiBold.ttf"; sourceTree = "<group>"; };
		8C97F3452B6D433C006B3FB4 /* Poppins-ExtraLightItalic.ttf */ = {isa = PBXFileReference; lastKnownFileType = file; path = "Poppins-ExtraLightItalic.ttf"; sourceTree = "<group>"; };
		8C97F3462B6D433C006B3FB4 /* Poppins-Medium.ttf */ = {isa = PBXFileReference; lastKnownFileType = file; path = "Poppins-Medium.ttf"; sourceTree = "<group>"; };
		8C97F3472B6D433C006B3FB4 /* Poppins-Black.ttf */ = {isa = PBXFileReference; lastKnownFileType = file; path = "Poppins-Black.ttf"; sourceTree = "<group>"; };
		8C97F3482B6D433C006B3FB4 /* Poppins-BoldItalic.ttf */ = {isa = PBXFileReference; lastKnownFileType = file; path = "Poppins-BoldItalic.ttf"; sourceTree = "<group>"; };
		8C97F3492B6D433C006B3FB4 /* Poppins-ThinItalic.ttf */ = {isa = PBXFileReference; lastKnownFileType = file; path = "Poppins-ThinItalic.ttf"; sourceTree = "<group>"; };
		8C97F34A2B6D433C006B3FB4 /* Poppins-LightItalic.ttf */ = {isa = PBXFileReference; lastKnownFileType = file; path = "Poppins-LightItalic.ttf"; sourceTree = "<group>"; };
		8C97F34B2B6D433C006B3FB4 /* Poppins-BlackItalic.ttf */ = {isa = PBXFileReference; lastKnownFileType = file; path = "Poppins-BlackItalic.ttf"; sourceTree = "<group>"; };
		8C97F34C2B6D433C006B3FB4 /* Poppins-ExtraBoldItalic.ttf */ = {isa = PBXFileReference; lastKnownFileType = file; path = "Poppins-ExtraBoldItalic.ttf"; sourceTree = "<group>"; };
		8C97F34D2B6D433C006B3FB4 /* Poppins-Light.ttf */ = {isa = PBXFileReference; lastKnownFileType = file; path = "Poppins-Light.ttf"; sourceTree = "<group>"; };
		8C97F34E2B6D433C006B3FB4 /* Poppins-ExtraLight.ttf */ = {isa = PBXFileReference; lastKnownFileType = file; path = "Poppins-ExtraLight.ttf"; sourceTree = "<group>"; };
		8C97F34F2B6D433C006B3FB4 /* Poppins-MediumItalic.ttf */ = {isa = PBXFileReference; lastKnownFileType = file; path = "Poppins-MediumItalic.ttf"; sourceTree = "<group>"; };
		8C97F3502B6D433C006B3FB4 /* Poppins-Thin.ttf */ = {isa = PBXFileReference; lastKnownFileType = file; path = "Poppins-Thin.ttf"; sourceTree = "<group>"; };
		8C97F3512B6D433C006B3FB4 /* Poppins-SemiBoldItalic.ttf */ = {isa = PBXFileReference; lastKnownFileType = file; path = "Poppins-SemiBoldItalic.ttf"; sourceTree = "<group>"; };
		8C97F3522B6D433C006B3FB4 /* Poppins-ExtraBold.ttf */ = {isa = PBXFileReference; lastKnownFileType = file; path = "Poppins-ExtraBold.ttf"; sourceTree = "<group>"; };
		8C97F3532B6D433C006B3FB4 /* Poppins-Regular.ttf */ = {isa = PBXFileReference; lastKnownFileType = file; path = "Poppins-Regular.ttf"; sourceTree = "<group>"; };
		8C97F3542B6D433C006B3FB4 /* Poppins-Bold.ttf */ = {isa = PBXFileReference; lastKnownFileType = file; path = "Poppins-Bold.ttf"; sourceTree = "<group>"; };
		8C97F3692B6D44C8006B3FB4 /* İmportFont.swift */ = {isa = PBXFileReference; lastKnownFileType = sourcecode.swift; path = "İmportFont.swift"; sourceTree = "<group>"; };
		8C97F36B2B6D44F2006B3FB4 /* İmportColor.swift */ = {isa = PBXFileReference; lastKnownFileType = sourcecode.swift; path = "İmportColor.swift"; sourceTree = "<group>"; };
		8C97F36D2B6D4872006B3FB4 /* GoogleService-Info.plist */ = {isa = PBXFileReference; fileEncoding = 4; lastKnownFileType = text.plist.xml; path = "GoogleService-Info.plist"; sourceTree = "<group>"; };
		8C97F37B2B6E3A81006B3FB4 /* UserStruct.swift */ = {isa = PBXFileReference; lastKnownFileType = sourcecode.swift; path = UserStruct.swift; sourceTree = "<group>"; };
		8C97F37D2B6E616D006B3FB4 /* RegisterController.swift */ = {isa = PBXFileReference; lastKnownFileType = sourcecode.swift; path = RegisterController.swift; sourceTree = "<group>"; };
		8C9FF25D2B5EF64B00CA6EEF /* StartedController.swift */ = {isa = PBXFileReference; lastKnownFileType = sourcecode.swift; path = StartedController.swift; sourceTree = "<group>"; };
		8C9FF25F2B5EFD5400CA6EEF /* LoginController.swift */ = {isa = PBXFileReference; lastKnownFileType = sourcecode.swift; path = LoginController.swift; sourceTree = "<group>"; };
		8CDD56B72B84CA7100C80FBD /* DataModel.swift */ = {isa = PBXFileReference; lastKnownFileType = sourcecode.swift; path = DataModel.swift; sourceTree = "<group>"; };
		8CDD56B92B86231100C80FBD /* Recipe.swift */ = {isa = PBXFileReference; lastKnownFileType = sourcecode.swift; path = Recipe.swift; sourceTree = "<group>"; };
		8CDD56BC2B8624A400C80FBD /* NetworkManager.swift */ = {isa = PBXFileReference; lastKnownFileType = sourcecode.swift; path = NetworkManager.swift; sourceTree = "<group>"; };
		8CDD56BE2B86254F00C80FBD /* NetworkHelper.swift */ = {isa = PBXFileReference; lastKnownFileType = sourcecode.swift; path = NetworkHelper.swift; sourceTree = "<group>"; };
		8CDD56C32B8626EB00C80FBD /* HomeEndpoint.swift */ = {isa = PBXFileReference; lastKnownFileType = sourcecode.swift; path = HomeEndpoint.swift; sourceTree = "<group>"; };
		8CDD56C52B86270600C80FBD /* HomeManager.swift */ = {isa = PBXFileReference; lastKnownFileType = sourcecode.swift; path = HomeManager.swift; sourceTree = "<group>"; };
		8CDD56C72B8764AF00C80FBD /* HomeUseCase.swift */ = {isa = PBXFileReference; lastKnownFileType = sourcecode.swift; path = HomeUseCase.swift; sourceTree = "<group>"; };
		8CDD56C92B88D2F900C80FBD /* Image.swift */ = {isa = PBXFileReference; lastKnownFileType = sourcecode.swift; path = Image.swift; sourceTree = "<group>"; };
		8CDD56D12B89403100C80FBD /* FoodViewModel.swift */ = {isa = PBXFileReference; lastKnownFileType = sourcecode.swift; path = FoodViewModel.swift; sourceTree = "<group>"; };
		8CDD56D32B89493100C80FBD /* RecipeDetailsController.swift */ = {isa = PBXFileReference; lastKnownFileType = sourcecode.swift; path = RecipeDetailsController.swift; sourceTree = "<group>"; };
		8CEB9FCD2B50093B0094AEEA /* Taste Saga.app */ = {isa = PBXFileReference; explicitFileType = wrapper.application; includeInIndex = 0; path = "Taste Saga.app"; sourceTree = BUILT_PRODUCTS_DIR; };
		8CEB9FD02B50093B0094AEEA /* AppDelegate.swift */ = {isa = PBXFileReference; lastKnownFileType = sourcecode.swift; path = AppDelegate.swift; sourceTree = "<group>"; };
		8CEB9FD22B50093B0094AEEA /* SceneDelegate.swift */ = {isa = PBXFileReference; lastKnownFileType = sourcecode.swift; path = SceneDelegate.swift; sourceTree = "<group>"; };
		8CEB9FD72B50093B0094AEEA /* Base */ = {isa = PBXFileReference; lastKnownFileType = file.storyboard; name = Base; path = Base.lproj/Main.storyboard; sourceTree = "<group>"; };
		8CEB9FD92B50093D0094AEEA /* Assets.xcassets */ = {isa = PBXFileReference; lastKnownFileType = folder.assetcatalog; path = Assets.xcassets; sourceTree = "<group>"; };
		8CEB9FDC2B50093D0094AEEA /* Base */ = {isa = PBXFileReference; lastKnownFileType = file.storyboard; name = Base; path = Base.lproj/LaunchScreen.storyboard; sourceTree = "<group>"; };
		8CEB9FDE2B50093D0094AEEA /* Info.plist */ = {isa = PBXFileReference; lastKnownFileType = text.plist.xml; path = Info.plist; sourceTree = "<group>"; };
/* End PBXFileReference section */

/* Begin PBXFrameworksBuildPhase section */
		8CEB9FCA2B50093B0094AEEA /* Frameworks */ = {
			isa = PBXFrameworksBuildPhase;
			buildActionMask = 2147483647;
			files = (
				8CDD83B92B7011F80043BD85 /* FirebaseAnalyticsSwift in Frameworks */,
				8CDD83BB2B7011F80043BD85 /* FirebaseAnalyticsWithoutAdIdSupport in Frameworks */,
				8CDD83B52B7011F80043BD85 /* FirebaseAnalytics in Frameworks */,
				8CDD83AC2B6FF41F0043BD85 /* FirebaseAnalyticsSwift in Frameworks */,
				8CDD83E12B7011F90043BD85 /* FirebasePerformance in Frameworks */,
				8CDD83E72B7011F90043BD85 /* FirebaseStorage in Frameworks */,
				8CDD83CD2B7011F80043BD85 /* FirebaseFirestore in Frameworks */,
				8CDD83A82B6FF41F0043BD85 /* FirebaseAnalytics in Frameworks */,
				8CDD83D52B7011F80043BD85 /* FirebaseFunctionsCombine-Community in Frameworks */,
				8CDD83E52B7011F90043BD85 /* FirebaseRemoteConfigSwift in Frameworks */,
				8CDD56CF2B88D3D900C80FBD /* SDWebImageMapKit in Frameworks */,
				8CDD83CB2B7011F80043BD85 /* FirebaseDynamicLinks in Frameworks */,
				8CDD83E32B7011F90043BD85 /* FirebaseRemoteConfig in Frameworks */,
				8CDD83C32B7011F80043BD85 /* FirebaseAuthCombine-Community in Frameworks */,
				8CDD83C72B7011F80043BD85 /* FirebaseDatabase in Frameworks */,
				8CDD83D32B7011F80043BD85 /* FirebaseFunctions in Frameworks */,
				8CDD83D72B7011F90043BD85 /* FirebaseInAppMessaging-Beta in Frameworks */,
				8CDD83AA2B6FF41F0043BD85 /* FirebaseAnalyticsOnDeviceConversion in Frameworks */,
				8CDD83B02B6FF41F0043BD85 /* FirebaseAppCheck in Frameworks */,
				8CDD83AE2B6FF41F0043BD85 /* FirebaseAnalyticsWithoutAdIdSupport in Frameworks */,
				8CDD83DB2B7011F90043BD85 /* FirebaseInstallations in Frameworks */,
				8CDD83DF2B7011F90043BD85 /* FirebaseMessaging in Frameworks */,
				8CDD83B32B700E0E0043BD85 /* FirebaseFirestore in Frameworks */,
				8CDD83E92B7011F90043BD85 /* FirebaseStorageCombine-Community in Frameworks */,
				8CDD83CF2B7011F80043BD85 /* FirebaseFirestoreCombine-Community in Frameworks */,
				8CDD56CD2B88D3D900C80FBD /* SDWebImage in Frameworks */,
				8CDD83D92B7011F90043BD85 /* FirebaseInAppMessagingSwift-Beta in Frameworks */,
				8CDD83B72B7011F80043BD85 /* FirebaseAnalyticsOnDeviceConversion in Frameworks */,
				8CDD83C12B7011F80043BD85 /* FirebaseAuth in Frameworks */,
				8CDD83C52B7011F80043BD85 /* FirebaseCrashlytics in Frameworks */,
				8CDD83D12B7011F80043BD85 /* FirebaseFirestoreSwift in Frameworks */,
				8CDD56C22B8625A500C80FBD /* Alamofire in Frameworks */,
				8CDD83C92B7011F80043BD85 /* FirebaseDatabaseSwift in Frameworks */,
				8CDD83DD2B7011F90043BD85 /* FirebaseMLModelDownloader in Frameworks */,
				8CDD83BD2B7011F80043BD85 /* FirebaseAppCheck in Frameworks */,
				8CDD83BF2B7011F80043BD85 /* FirebaseAppDistribution-Beta in Frameworks */,
			);
			runOnlyForDeploymentPostprocessing = 0;
		};
/* End PBXFrameworksBuildPhase section */

/* Begin PBXGroup section */
		8C6CEA502B5C0F6300F9F95A /* Scenes */ = {
			isa = PBXGroup;
			children = (
				8C87C9AA2B738CA600287249 /* TabBar */,
				8C9FF2572B5EEA9500CA6EEF /* Start */,
				8C9FF2582B5EEAA800CA6EEF /* Login */,
				8C9FF2592B5EEADB00CA6EEF /* Register */,
				8C9FF25C2B5EF1AC00CA6EEF /* Home */,
				8C9FF25A2B5EF15500CA6EEF /* Category */,
				8C9FF25B2B5EF16200CA6EEF /* Favorite */,
			);
			path = Scenes;
			sourceTree = "<group>";
		};
		8C87C9AA2B738CA600287249 /* TabBar */ = {
			isa = PBXGroup;
			children = (
				8C87C9AF2B7409BC00287249 /* TabBarController.swift */,
			);
			path = TabBar;
			sourceTree = "<group>";
		};
		8C97F3422B6D42B3006B3FB4 /* UsedFonts */ = {
			isa = PBXGroup;
			children = (
				8C97F3472B6D433C006B3FB4 /* Poppins-Black.ttf */,
				8C97F34B2B6D433C006B3FB4 /* Poppins-BlackItalic.ttf */,
				8C97F3542B6D433C006B3FB4 /* Poppins-Bold.ttf */,
				8C97F3482B6D433C006B3FB4 /* Poppins-BoldItalic.ttf */,
				8C97F3522B6D433C006B3FB4 /* Poppins-ExtraBold.ttf */,
				8C97F34C2B6D433C006B3FB4 /* Poppins-ExtraBoldItalic.ttf */,
				8C97F34E2B6D433C006B3FB4 /* Poppins-ExtraLight.ttf */,
				8C97F3452B6D433C006B3FB4 /* Poppins-ExtraLightItalic.ttf */,
				8C97F3432B6D433B006B3FB4 /* Poppins-Italic.ttf */,
				8C97F34D2B6D433C006B3FB4 /* Poppins-Light.ttf */,
				8C97F34A2B6D433C006B3FB4 /* Poppins-LightItalic.ttf */,
				8C97F3462B6D433C006B3FB4 /* Poppins-Medium.ttf */,
				8C97F34F2B6D433C006B3FB4 /* Poppins-MediumItalic.ttf */,
				8C97F3532B6D433C006B3FB4 /* Poppins-Regular.ttf */,
				8C97F3442B6D433C006B3FB4 /* Poppins-SemiBold.ttf */,
				8C97F3512B6D433C006B3FB4 /* Poppins-SemiBoldItalic.ttf */,
				8C97F3502B6D433C006B3FB4 /* Poppins-Thin.ttf */,
				8C97F3492B6D433C006B3FB4 /* Poppins-ThinItalic.ttf */,
			);
			path = UsedFonts;
			sourceTree = "<group>";
		};
		8C97F37A2B6E3A3C006B3FB4 /* UserData */ = {
			isa = PBXGroup;
			children = (
				8C97F37B2B6E3A81006B3FB4 /* UserStruct.swift */,
			);
			path = UserData;
			sourceTree = "<group>";
		};
		8C9FF2572B5EEA9500CA6EEF /* Start */ = {
			isa = PBXGroup;
			children = (
				8C9FF25D2B5EF64B00CA6EEF /* StartedController.swift */,
			);
			path = Start;
			sourceTree = "<group>";
		};
		8C9FF2582B5EEAA800CA6EEF /* Login */ = {
			isa = PBXGroup;
			children = (
				8C9FF25F2B5EFD5400CA6EEF /* LoginController.swift */,
			);
			path = Login;
			sourceTree = "<group>";
		};
		8C9FF2592B5EEADB00CA6EEF /* Register */ = {
			isa = PBXGroup;
			children = (
				8C97F37D2B6E616D006B3FB4 /* RegisterController.swift */,
			);
			path = Register;
			sourceTree = "<group>";
		};
		8C9FF25A2B5EF15500CA6EEF /* Category */ = {
			isa = PBXGroup;
			children = (
			);
			path = Category;
			sourceTree = "<group>";
		};
		8C9FF25B2B5EF16200CA6EEF /* Favorite */ = {
			isa = PBXGroup;
			children = (
			);
			path = Favorite;
			sourceTree = "<group>";
		};
		8C9FF25C2B5EF1AC00CA6EEF /* Home */ = {
			isa = PBXGroup;
			children = (
				8C87C9B12B766BCE00287249 /* HomeController.swift */,
				8C87C9B42B77711C00287249 /* HomeViewModel.swift */,
				8CDD56C32B8626EB00C80FBD /* HomeEndpoint.swift */,
				8CDD56C72B8764AF00C80FBD /* HomeUseCase.swift */,
				8CDD56C52B86270600C80FBD /* HomeManager.swift */,
				8C87C9C12B77780F00287249 /* HomeCell.swift */,
				8C87C9C22B77780F00287249 /* HomeCell.xib */,
			);
			path = Home;
			sourceTree = "<group>";
		};
		8CDD56B62B84C9B200C80FBD /* Model */ = {
			isa = PBXGroup;
			children = (
				8CDD56B72B84CA7100C80FBD /* DataModel.swift */,
				8CDD56B92B86231100C80FBD /* Recipe.swift */,
			);
			path = Model;
			sourceTree = "<group>";
		};
		8CDD56BB2B86246700C80FBD /* Network */ = {
			isa = PBXGroup;
			children = (
				8CDD56BC2B8624A400C80FBD /* NetworkManager.swift */,
				8CDD56BE2B86254F00C80FBD /* NetworkHelper.swift */,
			);
			path = Network;
			sourceTree = "<group>";
		};
		8CDD56D02B893F9100C80FBD /* Cells */ = {
			isa = PBXGroup;
			children = (
				8CDD56D32B89493100C80FBD /* RecipeDetailsController.swift */,
				8CDD56D12B89403100C80FBD /* FoodViewModel.swift */,
			);
			path = Cells;
			sourceTree = "<group>";
		};
		8CDD83B12B700E0E0043BD85 /* Frameworks */ = {
			isa = PBXGroup;
			children = (
			);
			name = Frameworks;
			sourceTree = "<group>";
		};
		8CEAA71A2B6D3E280040E39F /* Help */ = {
			isa = PBXGroup;
			children = (
				8CEAA71D2B6D3E530040E39F /* Font */,
				8CEAA71B2B6D3E3D0040E39F /* Color */,
				8CDD56C92B88D2F900C80FBD /* Image.swift */,
			);
			path = Help;
			sourceTree = "<group>";
		};
		8CEAA71B2B6D3E3D0040E39F /* Color */ = {
			isa = PBXGroup;
			children = (
				8C97F36B2B6D44F2006B3FB4 /* İmportColor.swift */,
			);
			path = Color;
			sourceTree = "<group>";
		};
		8CEAA71D2B6D3E530040E39F /* Font */ = {
			isa = PBXGroup;
			children = (
				8C97F3422B6D42B3006B3FB4 /* UsedFonts */,
				8C97F3692B6D44C8006B3FB4 /* İmportFont.swift */,
			);
			path = Font;
			sourceTree = "<group>";
		};
		8CEB9FC42B50093B0094AEEA = {
			isa = PBXGroup;
			children = (
				8CEB9FCF2B50093B0094AEEA /* Taste Saga */,
				8CEB9FCE2B50093B0094AEEA /* Products */,
				8CDD83B12B700E0E0043BD85 /* Frameworks */,
			);
			sourceTree = "<group>";
		};
		8CEB9FCE2B50093B0094AEEA /* Products */ = {
			isa = PBXGroup;
			children = (
				8CEB9FCD2B50093B0094AEEA /* Taste Saga.app */,
			);
			name = Products;
			sourceTree = "<group>";
		};
		8CEB9FCF2B50093B0094AEEA /* Taste Saga */ = {
			isa = PBXGroup;
			children = (
				8CEB9FD02B50093B0094AEEA /* AppDelegate.swift */,
				8CEB9FD22B50093B0094AEEA /* SceneDelegate.swift */,
				8CEAA71A2B6D3E280040E39F /* Help */,
				8C97F37A2B6E3A3C006B3FB4 /* UserData */,
				8CDD56BB2B86246700C80FBD /* Network */,
				8C6CEA502B5C0F6300F9F95A /* Scenes */,
				8CDD56D02B893F9100C80FBD /* Cells */,
				8CDD56B62B84C9B200C80FBD /* Model */,
				8CEB9FD62B50093B0094AEEA /* Main.storyboard */,
				8CEB9FD92B50093D0094AEEA /* Assets.xcassets */,
				8CEB9FDB2B50093D0094AEEA /* LaunchScreen.storyboard */,
				8CEB9FDE2B50093D0094AEEA /* Info.plist */,
				8C97F36D2B6D4872006B3FB4 /* GoogleService-Info.plist */,
			);
			path = "Taste Saga";
			sourceTree = "<group>";
		};
/* End PBXGroup section */

/* Begin PBXNativeTarget section */
		8CEB9FCC2B50093B0094AEEA /* Taste Saga */ = {
			isa = PBXNativeTarget;
			buildConfigurationList = 8CEB9FE12B50093D0094AEEA /* Build configuration list for PBXNativeTarget "Taste Saga" */;
			buildPhases = (
				8CEB9FC92B50093B0094AEEA /* Sources */,
				8CEB9FCA2B50093B0094AEEA /* Frameworks */,
				8CEB9FCB2B50093B0094AEEA /* Resources */,
			);
			buildRules = (
			);
			dependencies = (
			);
			name = "Taste Saga";
			packageProductDependencies = (
				8CDD83A72B6FF41F0043BD85 /* FirebaseAnalytics */,
				8CDD83A92B6FF41F0043BD85 /* FirebaseAnalyticsOnDeviceConversion */,
				8CDD83AB2B6FF41F0043BD85 /* FirebaseAnalyticsSwift */,
				8CDD83AD2B6FF41F0043BD85 /* FirebaseAnalyticsWithoutAdIdSupport */,
				8CDD83AF2B6FF41F0043BD85 /* FirebaseAppCheck */,
				8CDD83B22B700E0E0043BD85 /* FirebaseFirestore */,
				8CDD83B42B7011F80043BD85 /* FirebaseAnalytics */,
				8CDD83B62B7011F80043BD85 /* FirebaseAnalyticsOnDeviceConversion */,
				8CDD83B82B7011F80043BD85 /* FirebaseAnalyticsSwift */,
				8CDD83BA2B7011F80043BD85 /* FirebaseAnalyticsWithoutAdIdSupport */,
				8CDD83BC2B7011F80043BD85 /* FirebaseAppCheck */,
				8CDD83BE2B7011F80043BD85 /* FirebaseAppDistribution-Beta */,
				8CDD83C02B7011F80043BD85 /* FirebaseAuth */,
				8CDD83C22B7011F80043BD85 /* FirebaseAuthCombine-Community */,
				8CDD83C42B7011F80043BD85 /* FirebaseCrashlytics */,
				8CDD83C62B7011F80043BD85 /* FirebaseDatabase */,
				8CDD83C82B7011F80043BD85 /* FirebaseDatabaseSwift */,
				8CDD83CA2B7011F80043BD85 /* FirebaseDynamicLinks */,
				8CDD83CC2B7011F80043BD85 /* FirebaseFirestore */,
				8CDD83CE2B7011F80043BD85 /* FirebaseFirestoreCombine-Community */,
				8CDD83D02B7011F80043BD85 /* FirebaseFirestoreSwift */,
				8CDD83D22B7011F80043BD85 /* FirebaseFunctions */,
				8CDD83D42B7011F80043BD85 /* FirebaseFunctionsCombine-Community */,
				8CDD83D62B7011F90043BD85 /* FirebaseInAppMessaging-Beta */,
				8CDD83D82B7011F90043BD85 /* FirebaseInAppMessagingSwift-Beta */,
				8CDD83DA2B7011F90043BD85 /* FirebaseInstallations */,
				8CDD83DC2B7011F90043BD85 /* FirebaseMLModelDownloader */,
				8CDD83DE2B7011F90043BD85 /* FirebaseMessaging */,
				8CDD83E02B7011F90043BD85 /* FirebasePerformance */,
				8CDD83E22B7011F90043BD85 /* FirebaseRemoteConfig */,
				8CDD83E42B7011F90043BD85 /* FirebaseRemoteConfigSwift */,
				8CDD83E62B7011F90043BD85 /* FirebaseStorage */,
				8CDD83E82B7011F90043BD85 /* FirebaseStorageCombine-Community */,
				8CDD56C12B8625A500C80FBD /* Alamofire */,
				8CDD56CC2B88D3D900C80FBD /* SDWebImage */,
				8CDD56CE2B88D3D900C80FBD /* SDWebImageMapKit */,
			);
			productName = "Taste Saga";
			productReference = 8CEB9FCD2B50093B0094AEEA /* Taste Saga.app */;
			productType = "com.apple.product-type.application";
		};
/* End PBXNativeTarget section */

/* Begin PBXProject section */
		8CEB9FC52B50093B0094AEEA /* Project object */ = {
			isa = PBXProject;
			attributes = {
				BuildIndependentTargetsInParallel = 1;
				LastSwiftUpdateCheck = 1500;
				LastUpgradeCheck = 1500;
				TargetAttributes = {
					8CEB9FCC2B50093B0094AEEA = {
						CreatedOnToolsVersion = 15.0.1;
					};
				};
			};
			buildConfigurationList = 8CEB9FC82B50093B0094AEEA /* Build configuration list for PBXProject "Taste Saga" */;
			compatibilityVersion = "Xcode 14.0";
			developmentRegion = en;
			hasScannedForEncodings = 0;
			knownRegions = (
				en,
				Base,
			);
			mainGroup = 8CEB9FC42B50093B0094AEEA;
			packageReferences = (
				8CDD83A62B6FF41F0043BD85 /* XCRemoteSwiftPackageReference "firebase-ios-sdk" */,
				8CDD56C02B8625A500C80FBD /* XCRemoteSwiftPackageReference "Alamofire" */,
				8CDD56CB2B88D3D900C80FBD /* XCRemoteSwiftPackageReference "SDWebImage" */,
			);
			productRefGroup = 8CEB9FCE2B50093B0094AEEA /* Products */;
			projectDirPath = "";
			projectRoot = "";
			targets = (
				8CEB9FCC2B50093B0094AEEA /* Taste Saga */,
			);
		};
/* End PBXProject section */

/* Begin PBXResourcesBuildPhase section */
		8CEB9FCB2B50093B0094AEEA /* Resources */ = {
			isa = PBXResourcesBuildPhase;
			buildActionMask = 2147483647;
			files = (
				8C97F3602B6D433C006B3FB4 /* Poppins-ExtraLight.ttf in Resources */,
				8C97F36E2B6D4872006B3FB4 /* GoogleService-Info.plist in Resources */,
				8C97F3612B6D433C006B3FB4 /* Poppins-MediumItalic.ttf in Resources */,
				8C97F35A2B6D433C006B3FB4 /* Poppins-BoldItalic.ttf in Resources */,
				8C97F3622B6D433C006B3FB4 /* Poppins-Thin.ttf in Resources */,
				8C97F3592B6D433C006B3FB4 /* Poppins-Black.ttf in Resources */,
				8C97F3632B6D433C006B3FB4 /* Poppins-SemiBoldItalic.ttf in Resources */,
				8C97F3572B6D433C006B3FB4 /* Poppins-ExtraLightItalic.ttf in Resources */,
				8C97F3582B6D433C006B3FB4 /* Poppins-Medium.ttf in Resources */,
				8C97F35D2B6D433C006B3FB4 /* Poppins-BlackItalic.ttf in Resources */,
				8C97F35E2B6D433C006B3FB4 /* Poppins-ExtraBoldItalic.ttf in Resources */,
				8C97F3562B6D433C006B3FB4 /* Poppins-SemiBold.ttf in Resources */,
				8C97F3642B6D433C006B3FB4 /* Poppins-ExtraBold.ttf in Resources */,
				8C97F35F2B6D433C006B3FB4 /* Poppins-Light.ttf in Resources */,
				8CEB9FDD2B50093D0094AEEA /* LaunchScreen.storyboard in Resources */,
				8CEB9FDA2B50093D0094AEEA /* Assets.xcassets in Resources */,
				8C97F35B2B6D433C006B3FB4 /* Poppins-ThinItalic.ttf in Resources */,
				8C97F3662B6D433C006B3FB4 /* Poppins-Bold.ttf in Resources */,
				8C97F3552B6D433C006B3FB4 /* Poppins-Italic.ttf in Resources */,
				8CEB9FD82B50093B0094AEEA /* Main.storyboard in Resources */,
				8C97F35C2B6D433C006B3FB4 /* Poppins-LightItalic.ttf in Resources */,
				8C97F3652B6D433C006B3FB4 /* Poppins-Regular.ttf in Resources */,
				8C87C9C42B77780F00287249 /* HomeCell.xib in Resources */,
			);
			runOnlyForDeploymentPostprocessing = 0;
		};
/* End PBXResourcesBuildPhase section */

/* Begin PBXSourcesBuildPhase section */
		8CEB9FC92B50093B0094AEEA /* Sources */ = {
			isa = PBXSourcesBuildPhase;
			buildActionMask = 2147483647;
			files = (
				8CEB9FD12B50093B0094AEEA /* AppDelegate.swift in Sources */,
				8C87C9B52B77711C00287249 /* HomeViewModel.swift in Sources */,
				8C97F36A2B6D44C9006B3FB4 /* İmportFont.swift in Sources */,
				8C97F36C2B6D44F2006B3FB4 /* İmportColor.swift in Sources */,
				8CDD56C62B86270600C80FBD /* HomeManager.swift in Sources */,
				8C87C9B02B7409BC00287249 /* TabBarController.swift in Sources */,
				8C87C9B22B766BCE00287249 /* HomeController.swift in Sources */,
				8CDD56B82B84CA7100C80FBD /* DataModel.swift in Sources */,
				8C9FF2602B5EFD5400CA6EEF /* LoginController.swift in Sources */,
				8CDD56CA2B88D2F900C80FBD /* Image.swift in Sources */,
				8CDD56D42B89493100C80FBD /* RecipeDetailsController.swift in Sources */,
				8CDD56BF2B86254F00C80FBD /* NetworkHelper.swift in Sources */,
				8CDD56C42B8626EB00C80FBD /* HomeEndpoint.swift in Sources */,
				8C97F37E2B6E616D006B3FB4 /* RegisterController.swift in Sources */,
				8CDD56BA2B86231100C80FBD /* Recipe.swift in Sources */,
				8CDD56C82B8764AF00C80FBD /* HomeUseCase.swift in Sources */,
				8C97F37C2B6E3A81006B3FB4 /* UserStruct.swift in Sources */,
				8CEB9FD32B50093B0094AEEA /* SceneDelegate.swift in Sources */,
				8CDD56BD2B8624A400C80FBD /* NetworkManager.swift in Sources */,
				8C87C9C32B77780F00287249 /* HomeCell.swift in Sources */,
				8C9FF25E2B5EF64B00CA6EEF /* StartedController.swift in Sources */,
				8CDD56D22B89403100C80FBD /* FoodViewModel.swift in Sources */,
			);
			runOnlyForDeploymentPostprocessing = 0;
		};
/* End PBXSourcesBuildPhase section */

/* Begin PBXVariantGroup section */
		8CEB9FD62B50093B0094AEEA /* Main.storyboard */ = {
			isa = PBXVariantGroup;
			children = (
				8CEB9FD72B50093B0094AEEA /* Base */,
			);
			name = Main.storyboard;
			sourceTree = "<group>";
		};
		8CEB9FDB2B50093D0094AEEA /* LaunchScreen.storyboard */ = {
			isa = PBXVariantGroup;
			children = (
				8CEB9FDC2B50093D0094AEEA /* Base */,
			);
			name = LaunchScreen.storyboard;
			sourceTree = "<group>";
		};
/* End PBXVariantGroup section */

/* Begin XCBuildConfiguration section */
		8CEB9FDF2B50093D0094AEEA /* Debug */ = {
			isa = XCBuildConfiguration;
			buildSettings = {
				ALWAYS_SEARCH_USER_PATHS = NO;
				ASSETCATALOG_COMPILER_GENERATE_SWIFT_ASSET_SYMBOL_EXTENSIONS = YES;
				CLANG_ANALYZER_NONNULL = YES;
				CLANG_ANALYZER_NUMBER_OBJECT_CONVERSION = YES_AGGRESSIVE;
				CLANG_CXX_LANGUAGE_STANDARD = "gnu++20";
				CLANG_ENABLE_MODULES = YES;
				CLANG_ENABLE_OBJC_ARC = YES;
				CLANG_ENABLE_OBJC_WEAK = YES;
				CLANG_WARN_BLOCK_CAPTURE_AUTORELEASING = YES;
				CLANG_WARN_BOOL_CONVERSION = YES;
				CLANG_WARN_COMMA = YES;
				CLANG_WARN_CONSTANT_CONVERSION = YES;
				CLANG_WARN_DEPRECATED_OBJC_IMPLEMENTATIONS = YES;
				CLANG_WARN_DIRECT_OBJC_ISA_USAGE = YES_ERROR;
				CLANG_WARN_DOCUMENTATION_COMMENTS = YES;
				CLANG_WARN_EMPTY_BODY = YES;
				CLANG_WARN_ENUM_CONVERSION = YES;
				CLANG_WARN_INFINITE_RECURSION = YES;
				CLANG_WARN_INT_CONVERSION = YES;
				CLANG_WARN_NON_LITERAL_NULL_CONVERSION = YES;
				CLANG_WARN_OBJC_IMPLICIT_RETAIN_SELF = YES;
				CLANG_WARN_OBJC_LITERAL_CONVERSION = YES;
				CLANG_WARN_OBJC_ROOT_CLASS = YES_ERROR;
				CLANG_WARN_QUOTED_INCLUDE_IN_FRAMEWORK_HEADER = YES;
				CLANG_WARN_RANGE_LOOP_ANALYSIS = YES;
				CLANG_WARN_STRICT_PROTOTYPES = YES;
				CLANG_WARN_SUSPICIOUS_MOVE = YES;
				CLANG_WARN_UNGUARDED_AVAILABILITY = YES_AGGRESSIVE;
				CLANG_WARN_UNREACHABLE_CODE = YES;
				CLANG_WARN__DUPLICATE_METHOD_MATCH = YES;
				COPY_PHASE_STRIP = NO;
				DEBUG_INFORMATION_FORMAT = dwarf;
				ENABLE_STRICT_OBJC_MSGSEND = YES;
				ENABLE_TESTABILITY = YES;
				ENABLE_USER_SCRIPT_SANDBOXING = YES;
				GCC_C_LANGUAGE_STANDARD = gnu17;
				GCC_DYNAMIC_NO_PIC = NO;
				GCC_NO_COMMON_BLOCKS = YES;
				GCC_OPTIMIZATION_LEVEL = 0;
				GCC_PREPROCESSOR_DEFINITIONS = (
					"DEBUG=1",
					"$(inherited)",
				);
				GCC_WARN_64_TO_32_BIT_CONVERSION = YES;
				GCC_WARN_ABOUT_RETURN_TYPE = YES_ERROR;
				GCC_WARN_UNDECLARED_SELECTOR = YES;
				GCC_WARN_UNINITIALIZED_AUTOS = YES_AGGRESSIVE;
				GCC_WARN_UNUSED_FUNCTION = YES;
				GCC_WARN_UNUSED_VARIABLE = YES;
				IPHONEOS_DEPLOYMENT_TARGET = 17.0;
				LOCALIZATION_PREFERS_STRING_CATALOGS = YES;
				MTL_ENABLE_DEBUG_INFO = INCLUDE_SOURCE;
				MTL_FAST_MATH = YES;
				ONLY_ACTIVE_ARCH = YES;
				SDKROOT = iphoneos;
				SWIFT_ACTIVE_COMPILATION_CONDITIONS = "DEBUG $(inherited)";
				SWIFT_OPTIMIZATION_LEVEL = "-Onone";
			};
			name = Debug;
		};
		8CEB9FE02B50093D0094AEEA /* Release */ = {
			isa = XCBuildConfiguration;
			buildSettings = {
				ALWAYS_SEARCH_USER_PATHS = NO;
				ASSETCATALOG_COMPILER_GENERATE_SWIFT_ASSET_SYMBOL_EXTENSIONS = YES;
				CLANG_ANALYZER_NONNULL = YES;
				CLANG_ANALYZER_NUMBER_OBJECT_CONVERSION = YES_AGGRESSIVE;
				CLANG_CXX_LANGUAGE_STANDARD = "gnu++20";
				CLANG_ENABLE_MODULES = YES;
				CLANG_ENABLE_OBJC_ARC = YES;
				CLANG_ENABLE_OBJC_WEAK = YES;
				CLANG_WARN_BLOCK_CAPTURE_AUTORELEASING = YES;
				CLANG_WARN_BOOL_CONVERSION = YES;
				CLANG_WARN_COMMA = YES;
				CLANG_WARN_CONSTANT_CONVERSION = YES;
				CLANG_WARN_DEPRECATED_OBJC_IMPLEMENTATIONS = YES;
				CLANG_WARN_DIRECT_OBJC_ISA_USAGE = YES_ERROR;
				CLANG_WARN_DOCUMENTATION_COMMENTS = YES;
				CLANG_WARN_EMPTY_BODY = YES;
				CLANG_WARN_ENUM_CONVERSION = YES;
				CLANG_WARN_INFINITE_RECURSION = YES;
				CLANG_WARN_INT_CONVERSION = YES;
				CLANG_WARN_NON_LITERAL_NULL_CONVERSION = YES;
				CLANG_WARN_OBJC_IMPLICIT_RETAIN_SELF = YES;
				CLANG_WARN_OBJC_LITERAL_CONVERSION = YES;
				CLANG_WARN_OBJC_ROOT_CLASS = YES_ERROR;
				CLANG_WARN_QUOTED_INCLUDE_IN_FRAMEWORK_HEADER = YES;
				CLANG_WARN_RANGE_LOOP_ANALYSIS = YES;
				CLANG_WARN_STRICT_PROTOTYPES = YES;
				CLANG_WARN_SUSPICIOUS_MOVE = YES;
				CLANG_WARN_UNGUARDED_AVAILABILITY = YES_AGGRESSIVE;
				CLANG_WARN_UNREACHABLE_CODE = YES;
				CLANG_WARN__DUPLICATE_METHOD_MATCH = YES;
				COPY_PHASE_STRIP = NO;
				DEBUG_INFORMATION_FORMAT = "dwarf-with-dsym";
				ENABLE_NS_ASSERTIONS = NO;
				ENABLE_STRICT_OBJC_MSGSEND = YES;
				ENABLE_USER_SCRIPT_SANDBOXING = YES;
				GCC_C_LANGUAGE_STANDARD = gnu17;
				GCC_NO_COMMON_BLOCKS = YES;
				GCC_WARN_64_TO_32_BIT_CONVERSION = YES;
				GCC_WARN_ABOUT_RETURN_TYPE = YES_ERROR;
				GCC_WARN_UNDECLARED_SELECTOR = YES;
				GCC_WARN_UNINITIALIZED_AUTOS = YES_AGGRESSIVE;
				GCC_WARN_UNUSED_FUNCTION = YES;
				GCC_WARN_UNUSED_VARIABLE = YES;
				IPHONEOS_DEPLOYMENT_TARGET = 17.0;
				LOCALIZATION_PREFERS_STRING_CATALOGS = YES;
				MTL_ENABLE_DEBUG_INFO = NO;
				MTL_FAST_MATH = YES;
				SDKROOT = iphoneos;
				SWIFT_COMPILATION_MODE = wholemodule;
				VALIDATE_PRODUCT = YES;
			};
			name = Release;
		};
		8CEB9FE22B50093D0094AEEA /* Debug */ = {
			isa = XCBuildConfiguration;
			buildSettings = {
				ASSETCATALOG_COMPILER_APPICON_NAME = AppIcon;
				ASSETCATALOG_COMPILER_GLOBAL_ACCENT_COLOR_NAME = AccentColor;
				CODE_SIGN_STYLE = Automatic;
				CURRENT_PROJECT_VERSION = 1;
				GENERATE_INFOPLIST_FILE = YES;
				INFOPLIST_FILE = "Taste Saga/Info.plist";
				INFOPLIST_KEY_UIApplicationSupportsIndirectInputEvents = YES;
				INFOPLIST_KEY_UILaunchStoryboardName = LaunchScreen;
				INFOPLIST_KEY_UIMainStoryboardFile = Main;
				INFOPLIST_KEY_UISupportedInterfaceOrientations_iPad = "UIInterfaceOrientationPortrait UIInterfaceOrientationPortraitUpsideDown UIInterfaceOrientationLandscapeLeft UIInterfaceOrientationLandscapeRight";
				INFOPLIST_KEY_UISupportedInterfaceOrientations_iPhone = "UIInterfaceOrientationPortrait UIInterfaceOrientationLandscapeLeft UIInterfaceOrientationLandscapeRight";
				LD_RUNPATH_SEARCH_PATHS = (
					"$(inherited)",
					"@executable_path/Frameworks",
				);
				MARKETING_VERSION = 1.0;
				PRODUCT_BUNDLE_IDENTIFIER = "zohraguliyeva.Taste-Saga";
				PRODUCT_NAME = "$(TARGET_NAME)";
				SWIFT_EMIT_LOC_STRINGS = YES;
				SWIFT_VERSION = 5.0;
				TARGETED_DEVICE_FAMILY = "1,2";
			};
			name = Debug;
		};
		8CEB9FE32B50093D0094AEEA /* Release */ = {
			isa = XCBuildConfiguration;
			buildSettings = {
				ASSETCATALOG_COMPILER_APPICON_NAME = AppIcon;
				ASSETCATALOG_COMPILER_GLOBAL_ACCENT_COLOR_NAME = AccentColor;
				CODE_SIGN_STYLE = Automatic;
				CURRENT_PROJECT_VERSION = 1;
				GENERATE_INFOPLIST_FILE = YES;
				INFOPLIST_FILE = "Taste Saga/Info.plist";
				INFOPLIST_KEY_UIApplicationSupportsIndirectInputEvents = YES;
				INFOPLIST_KEY_UILaunchStoryboardName = LaunchScreen;
				INFOPLIST_KEY_UIMainStoryboardFile = Main;
				INFOPLIST_KEY_UISupportedInterfaceOrientations_iPad = "UIInterfaceOrientationPortrait UIInterfaceOrientationPortraitUpsideDown UIInterfaceOrientationLandscapeLeft UIInterfaceOrientationLandscapeRight";
				INFOPLIST_KEY_UISupportedInterfaceOrientations_iPhone = "UIInterfaceOrientationPortrait UIInterfaceOrientationLandscapeLeft UIInterfaceOrientationLandscapeRight";
				LD_RUNPATH_SEARCH_PATHS = (
					"$(inherited)",
					"@executable_path/Frameworks",
				);
				MARKETING_VERSION = 1.0;
				PRODUCT_BUNDLE_IDENTIFIER = "zohraguliyeva.Taste-Saga";
				PRODUCT_NAME = "$(TARGET_NAME)";
				SWIFT_EMIT_LOC_STRINGS = YES;
				SWIFT_VERSION = 5.0;
				TARGETED_DEVICE_FAMILY = "1,2";
			};
			name = Release;
		};
/* End XCBuildConfiguration section */

/* Begin XCConfigurationList section */
		8CEB9FC82B50093B0094AEEA /* Build configuration list for PBXProject "Taste Saga" */ = {
			isa = XCConfigurationList;
			buildConfigurations = (
				8CEB9FDF2B50093D0094AEEA /* Debug */,
				8CEB9FE02B50093D0094AEEA /* Release */,
			);
			defaultConfigurationIsVisible = 0;
			defaultConfigurationName = Release;
		};
		8CEB9FE12B50093D0094AEEA /* Build configuration list for PBXNativeTarget "Taste Saga" */ = {
			isa = XCConfigurationList;
			buildConfigurations = (
				8CEB9FE22B50093D0094AEEA /* Debug */,
				8CEB9FE32B50093D0094AEEA /* Release */,
			);
			defaultConfigurationIsVisible = 0;
			defaultConfigurationName = Release;
		};
/* End XCConfigurationList section */

/* Begin XCRemoteSwiftPackageReference section */
		8CDD56C02B8625A500C80FBD /* XCRemoteSwiftPackageReference "Alamofire" */ = {
			isa = XCRemoteSwiftPackageReference;
			repositoryURL = "https://github.com/Alamofire/Alamofire.git";
			requirement = {
				kind = upToNextMajorVersion;
				minimumVersion = 5.8.1;
			};
		};
		8CDD56CB2B88D3D900C80FBD /* XCRemoteSwiftPackageReference "SDWebImage" */ = {
			isa = XCRemoteSwiftPackageReference;
			repositoryURL = "https://github.com/SDWebImage/SDWebImage.git";
			requirement = {
				kind = upToNextMajorVersion;
				minimumVersion = 5.18.11;
			};
		};
		8CDD83A62B6FF41F0043BD85 /* XCRemoteSwiftPackageReference "firebase-ios-sdk" */ = {
			isa = XCRemoteSwiftPackageReference;
			repositoryURL = "https://github.com/firebase/firebase-ios-sdk";
			requirement = {
				kind = upToNextMajorVersion;
				minimumVersion = 10.20.0;
			};
		};
/* End XCRemoteSwiftPackageReference section */

/* Begin XCSwiftPackageProductDependency section */
		8CDD56C12B8625A500C80FBD /* Alamofire */ = {
			isa = XCSwiftPackageProductDependency;
			package = 8CDD56C02B8625A500C80FBD /* XCRemoteSwiftPackageReference "Alamofire" */;
			productName = Alamofire;
		};
		8CDD56CC2B88D3D900C80FBD /* SDWebImage */ = {
			isa = XCSwiftPackageProductDependency;
			package = 8CDD56CB2B88D3D900C80FBD /* XCRemoteSwiftPackageReference "SDWebImage" */;
			productName = SDWebImage;
		};
		8CDD56CE2B88D3D900C80FBD /* SDWebImageMapKit */ = {
			isa = XCSwiftPackageProductDependency;
			package = 8CDD56CB2B88D3D900C80FBD /* XCRemoteSwiftPackageReference "SDWebImage" */;
			productName = SDWebImageMapKit;
		};
		8CDD83A72B6FF41F0043BD85 /* FirebaseAnalytics */ = {
			isa = XCSwiftPackageProductDependency;
			package = 8CDD83A62B6FF41F0043BD85 /* XCRemoteSwiftPackageReference "firebase-ios-sdk" */;
			productName = FirebaseAnalytics;
		};
		8CDD83A92B6FF41F0043BD85 /* FirebaseAnalyticsOnDeviceConversion */ = {
			isa = XCSwiftPackageProductDependency;
			package = 8CDD83A62B6FF41F0043BD85 /* XCRemoteSwiftPackageReference "firebase-ios-sdk" */;
			productName = FirebaseAnalyticsOnDeviceConversion;
		};
		8CDD83AB2B6FF41F0043BD85 /* FirebaseAnalyticsSwift */ = {
			isa = XCSwiftPackageProductDependency;
			package = 8CDD83A62B6FF41F0043BD85 /* XCRemoteSwiftPackageReference "firebase-ios-sdk" */;
			productName = FirebaseAnalyticsSwift;
		};
		8CDD83AD2B6FF41F0043BD85 /* FirebaseAnalyticsWithoutAdIdSupport */ = {
			isa = XCSwiftPackageProductDependency;
			package = 8CDD83A62B6FF41F0043BD85 /* XCRemoteSwiftPackageReference "firebase-ios-sdk" */;
			productName = FirebaseAnalyticsWithoutAdIdSupport;
		};
		8CDD83AF2B6FF41F0043BD85 /* FirebaseAppCheck */ = {
			isa = XCSwiftPackageProductDependency;
			package = 8CDD83A62B6FF41F0043BD85 /* XCRemoteSwiftPackageReference "firebase-ios-sdk" */;
			productName = FirebaseAppCheck;
		};
		8CDD83B22B700E0E0043BD85 /* FirebaseFirestore */ = {
			isa = XCSwiftPackageProductDependency;
			package = 8CDD83A62B6FF41F0043BD85 /* XCRemoteSwiftPackageReference "firebase-ios-sdk" */;
			productName = FirebaseFirestore;
		};
		8CDD83B42B7011F80043BD85 /* FirebaseAnalytics */ = {
			isa = XCSwiftPackageProductDependency;
			package = 8CDD83A62B6FF41F0043BD85 /* XCRemoteSwiftPackageReference "firebase-ios-sdk" */;
			productName = FirebaseAnalytics;
		};
		8CDD83B62B7011F80043BD85 /* FirebaseAnalyticsOnDeviceConversion */ = {
			isa = XCSwiftPackageProductDependency;
			package = 8CDD83A62B6FF41F0043BD85 /* XCRemoteSwiftPackageReference "firebase-ios-sdk" */;
			productName = FirebaseAnalyticsOnDeviceConversion;
		};
		8CDD83B82B7011F80043BD85 /* FirebaseAnalyticsSwift */ = {
			isa = XCSwiftPackageProductDependency;
			package = 8CDD83A62B6FF41F0043BD85 /* XCRemoteSwiftPackageReference "firebase-ios-sdk" */;
			productName = FirebaseAnalyticsSwift;
		};
		8CDD83BA2B7011F80043BD85 /* FirebaseAnalyticsWithoutAdIdSupport */ = {
			isa = XCSwiftPackageProductDependency;
			package = 8CDD83A62B6FF41F0043BD85 /* XCRemoteSwiftPackageReference "firebase-ios-sdk" */;
			productName = FirebaseAnalyticsWithoutAdIdSupport;
		};
		8CDD83BC2B7011F80043BD85 /* FirebaseAppCheck */ = {
			isa = XCSwiftPackageProductDependency;
			package = 8CDD83A62B6FF41F0043BD85 /* XCRemoteSwiftPackageReference "firebase-ios-sdk" */;
			productName = FirebaseAppCheck;
		};
		8CDD83BE2B7011F80043BD85 /* FirebaseAppDistribution-Beta */ = {
			isa = XCSwiftPackageProductDependency;
			package = 8CDD83A62B6FF41F0043BD85 /* XCRemoteSwiftPackageReference "firebase-ios-sdk" */;
			productName = "FirebaseAppDistribution-Beta";
		};
		8CDD83C02B7011F80043BD85 /* FirebaseAuth */ = {
			isa = XCSwiftPackageProductDependency;
			package = 8CDD83A62B6FF41F0043BD85 /* XCRemoteSwiftPackageReference "firebase-ios-sdk" */;
			productName = FirebaseAuth;
		};
		8CDD83C22B7011F80043BD85 /* FirebaseAuthCombine-Community */ = {
			isa = XCSwiftPackageProductDependency;
			package = 8CDD83A62B6FF41F0043BD85 /* XCRemoteSwiftPackageReference "firebase-ios-sdk" */;
			productName = "FirebaseAuthCombine-Community";
		};
		8CDD83C42B7011F80043BD85 /* FirebaseCrashlytics */ = {
			isa = XCSwiftPackageProductDependency;
			package = 8CDD83A62B6FF41F0043BD85 /* XCRemoteSwiftPackageReference "firebase-ios-sdk" */;
			productName = FirebaseCrashlytics;
		};
		8CDD83C62B7011F80043BD85 /* FirebaseDatabase */ = {
			isa = XCSwiftPackageProductDependency;
			package = 8CDD83A62B6FF41F0043BD85 /* XCRemoteSwiftPackageReference "firebase-ios-sdk" */;
			productName = FirebaseDatabase;
		};
		8CDD83C82B7011F80043BD85 /* FirebaseDatabaseSwift */ = {
			isa = XCSwiftPackageProductDependency;
			package = 8CDD83A62B6FF41F0043BD85 /* XCRemoteSwiftPackageReference "firebase-ios-sdk" */;
			productName = FirebaseDatabaseSwift;
		};
		8CDD83CA2B7011F80043BD85 /* FirebaseDynamicLinks */ = {
			isa = XCSwiftPackageProductDependency;
			package = 8CDD83A62B6FF41F0043BD85 /* XCRemoteSwiftPackageReference "firebase-ios-sdk" */;
			productName = FirebaseDynamicLinks;
		};
		8CDD83CC2B7011F80043BD85 /* FirebaseFirestore */ = {
			isa = XCSwiftPackageProductDependency;
			package = 8CDD83A62B6FF41F0043BD85 /* XCRemoteSwiftPackageReference "firebase-ios-sdk" */;
			productName = FirebaseFirestore;
		};
		8CDD83CE2B7011F80043BD85 /* FirebaseFirestoreCombine-Community */ = {
			isa = XCSwiftPackageProductDependency;
			package = 8CDD83A62B6FF41F0043BD85 /* XCRemoteSwiftPackageReference "firebase-ios-sdk" */;
			productName = "FirebaseFirestoreCombine-Community";
		};
		8CDD83D02B7011F80043BD85 /* FirebaseFirestoreSwift */ = {
			isa = XCSwiftPackageProductDependency;
			package = 8CDD83A62B6FF41F0043BD85 /* XCRemoteSwiftPackageReference "firebase-ios-sdk" */;
			productName = FirebaseFirestoreSwift;
		};
		8CDD83D22B7011F80043BD85 /* FirebaseFunctions */ = {
			isa = XCSwiftPackageProductDependency;
			package = 8CDD83A62B6FF41F0043BD85 /* XCRemoteSwiftPackageReference "firebase-ios-sdk" */;
			productName = FirebaseFunctions;
		};
		8CDD83D42B7011F80043BD85 /* FirebaseFunctionsCombine-Community */ = {
			isa = XCSwiftPackageProductDependency;
			package = 8CDD83A62B6FF41F0043BD85 /* XCRemoteSwiftPackageReference "firebase-ios-sdk" */;
			productName = "FirebaseFunctionsCombine-Community";
		};
		8CDD83D62B7011F90043BD85 /* FirebaseInAppMessaging-Beta */ = {
			isa = XCSwiftPackageProductDependency;
			package = 8CDD83A62B6FF41F0043BD85 /* XCRemoteSwiftPackageReference "firebase-ios-sdk" */;
			productName = "FirebaseInAppMessaging-Beta";
		};
		8CDD83D82B7011F90043BD85 /* FirebaseInAppMessagingSwift-Beta */ = {
			isa = XCSwiftPackageProductDependency;
			package = 8CDD83A62B6FF41F0043BD85 /* XCRemoteSwiftPackageReference "firebase-ios-sdk" */;
			productName = "FirebaseInAppMessagingSwift-Beta";
		};
		8CDD83DA2B7011F90043BD85 /* FirebaseInstallations */ = {
			isa = XCSwiftPackageProductDependency;
			package = 8CDD83A62B6FF41F0043BD85 /* XCRemoteSwiftPackageReference "firebase-ios-sdk" */;
			productName = FirebaseInstallations;
		};
		8CDD83DC2B7011F90043BD85 /* FirebaseMLModelDownloader */ = {
			isa = XCSwiftPackageProductDependency;
			package = 8CDD83A62B6FF41F0043BD85 /* XCRemoteSwiftPackageReference "firebase-ios-sdk" */;
			productName = FirebaseMLModelDownloader;
		};
		8CDD83DE2B7011F90043BD85 /* FirebaseMessaging */ = {
			isa = XCSwiftPackageProductDependency;
			package = 8CDD83A62B6FF41F0043BD85 /* XCRemoteSwiftPackageReference "firebase-ios-sdk" */;
			productName = FirebaseMessaging;
		};
		8CDD83E02B7011F90043BD85 /* FirebasePerformance */ = {
			isa = XCSwiftPackageProductDependency;
			package = 8CDD83A62B6FF41F0043BD85 /* XCRemoteSwiftPackageReference "firebase-ios-sdk" */;
			productName = FirebasePerformance;
		};
		8CDD83E22B7011F90043BD85 /* FirebaseRemoteConfig */ = {
			isa = XCSwiftPackageProductDependency;
			package = 8CDD83A62B6FF41F0043BD85 /* XCRemoteSwiftPackageReference "firebase-ios-sdk" */;
			productName = FirebaseRemoteConfig;
		};
		8CDD83E42B7011F90043BD85 /* FirebaseRemoteConfigSwift */ = {
			isa = XCSwiftPackageProductDependency;
			package = 8CDD83A62B6FF41F0043BD85 /* XCRemoteSwiftPackageReference "firebase-ios-sdk" */;
			productName = FirebaseRemoteConfigSwift;
		};
		8CDD83E62B7011F90043BD85 /* FirebaseStorage */ = {
			isa = XCSwiftPackageProductDependency;
			package = 8CDD83A62B6FF41F0043BD85 /* XCRemoteSwiftPackageReference "firebase-ios-sdk" */;
			productName = FirebaseStorage;
		};
		8CDD83E82B7011F90043BD85 /* FirebaseStorageCombine-Community */ = {
			isa = XCSwiftPackageProductDependency;
			package = 8CDD83A62B6FF41F0043BD85 /* XCRemoteSwiftPackageReference "firebase-ios-sdk" */;
			productName = "FirebaseStorageCombine-Community";
		};
/* End XCSwiftPackageProductDependency section */
	};
	rootObject = 8CEB9FC52B50093B0094AEEA /* Project object */;
}
