// !$*UTF8*$!
{
	archiveVersion = 1;
	classes = {
	};
	objectVersion = 56;
	objects = {

/* Begin PBXBuildFile section */
		8C6570BE2B5B1AC2004B5986 /* Poppins-LightItalic.ttf in Resources */ = {isa = PBXBuildFile; fileRef = 8C6570AC2B5B1AC1004B5986 /* Poppins-LightItalic.ttf */; };
		8C6570BF2B5B1AC2004B5986 /* Poppins-Light.ttf in Resources */ = {isa = PBXBuildFile; fileRef = 8C6570AD2B5B1AC1004B5986 /* Poppins-Light.ttf */; };
		8C6570C02B5B1AC2004B5986 /* Poppins-ThinItalic.ttf in Resources */ = {isa = PBXBuildFile; fileRef = 8C6570AE2B5B1AC1004B5986 /* Poppins-ThinItalic.ttf */; };
		8C6570C12B5B1AC2004B5986 /* Poppins-Bold.ttf in Resources */ = {isa = PBXBuildFile; fileRef = 8C6570AF2B5B1AC1004B5986 /* Poppins-Bold.ttf */; };
		8C6570C22B5B1AC2004B5986 /* Poppins-ExtraBold.ttf in Resources */ = {isa = PBXBuildFile; fileRef = 8C6570B02B5B1AC1004B5986 /* Poppins-ExtraBold.ttf */; };
		8C6570C32B5B1AC2004B5986 /* Poppins-ExtraBoldItalic.ttf in Resources */ = {isa = PBXBuildFile; fileRef = 8C6570B12B5B1AC1004B5986 /* Poppins-ExtraBoldItalic.ttf */; };
		8C6570C42B5B1AC2004B5986 /* Poppins-MediumItalic.ttf in Resources */ = {isa = PBXBuildFile; fileRef = 8C6570B22B5B1AC1004B5986 /* Poppins-MediumItalic.ttf */; };
		8C6570C52B5B1AC2004B5986 /* Poppins-SemiBold.ttf in Resources */ = {isa = PBXBuildFile; fileRef = 8C6570B32B5B1AC2004B5986 /* Poppins-SemiBold.ttf */; };
		8C6570C62B5B1AC2004B5986 /* Poppins-BoldItalic.ttf in Resources */ = {isa = PBXBuildFile; fileRef = 8C6570B42B5B1AC2004B5986 /* Poppins-BoldItalic.ttf */; };
		8C6570C72B5B1AC2004B5986 /* Poppins-Black.ttf in Resources */ = {isa = PBXBuildFile; fileRef = 8C6570B52B5B1AC2004B5986 /* Poppins-Black.ttf */; };
		8C6570C82B5B1AC2004B5986 /* Poppins-Medium.ttf in Resources */ = {isa = PBXBuildFile; fileRef = 8C6570B62B5B1AC2004B5986 /* Poppins-Medium.ttf */; };
		8C6570C92B5B1AC2004B5986 /* Poppins-BlackItalic.ttf in Resources */ = {isa = PBXBuildFile; fileRef = 8C6570B72B5B1AC2004B5986 /* Poppins-BlackItalic.ttf */; };
		8C6570CA2B5B1AC2004B5986 /* Poppins-Italic.ttf in Resources */ = {isa = PBXBuildFile; fileRef = 8C6570B82B5B1AC2004B5986 /* Poppins-Italic.ttf */; };
		8C6570CB2B5B1AC2004B5986 /* Poppins-SemiBoldItalic.ttf in Resources */ = {isa = PBXBuildFile; fileRef = 8C6570B92B5B1AC2004B5986 /* Poppins-SemiBoldItalic.ttf */; };
		8C6570CC2B5B1AC2004B5986 /* Poppins-ExtraLight.ttf in Resources */ = {isa = PBXBuildFile; fileRef = 8C6570BA2B5B1AC2004B5986 /* Poppins-ExtraLight.ttf */; };
		8C6570CD2B5B1AC2004B5986 /* Poppins-ExtraLightItalic.ttf in Resources */ = {isa = PBXBuildFile; fileRef = 8C6570BB2B5B1AC2004B5986 /* Poppins-ExtraLightItalic.ttf */; };
		8C6570CE2B5B1AC2004B5986 /* Poppins-Thin.ttf in Resources */ = {isa = PBXBuildFile; fileRef = 8C6570BC2B5B1AC2004B5986 /* Poppins-Thin.ttf */; };
		8C6570CF2B5B1AC2004B5986 /* Poppins-Regular.ttf in Resources */ = {isa = PBXBuildFile; fileRef = 8C6570BD2B5B1AC2004B5986 /* Poppins-Regular.ttf */; };
		8CEB9FD12B50093B0094AEEA /* AppDelegate.swift in Sources */ = {isa = PBXBuildFile; fileRef = 8CEB9FD02B50093B0094AEEA /* AppDelegate.swift */; };
		8CEB9FD32B50093B0094AEEA /* SceneDelegate.swift in Sources */ = {isa = PBXBuildFile; fileRef = 8CEB9FD22B50093B0094AEEA /* SceneDelegate.swift */; };
		8CEB9FD52B50093B0094AEEA /* ViewController.swift in Sources */ = {isa = PBXBuildFile; fileRef = 8CEB9FD42B50093B0094AEEA /* ViewController.swift */; };
		8CEB9FD82B50093B0094AEEA /* Main.storyboard in Resources */ = {isa = PBXBuildFile; fileRef = 8CEB9FD62B50093B0094AEEA /* Main.storyboard */; };
		8CEB9FDA2B50093D0094AEEA /* Assets.xcassets in Resources */ = {isa = PBXBuildFile; fileRef = 8CEB9FD92B50093D0094AEEA /* Assets.xcassets */; };
		8CEB9FDD2B50093D0094AEEA /* LaunchScreen.storyboard in Resources */ = {isa = PBXBuildFile; fileRef = 8CEB9FDB2B50093D0094AEEA /* LaunchScreen.storyboard */; };
/* End PBXBuildFile section */

/* Begin PBXFileReference section */
		8C6570AC2B5B1AC1004B5986 /* Poppins-LightItalic.ttf */ = {isa = PBXFileReference; lastKnownFileType = file; name = "Poppins-LightItalic.ttf"; path = "../../../../../Downloads/Poppins/Poppins-LightItalic.ttf"; sourceTree = "<group>"; };
		8C6570AD2B5B1AC1004B5986 /* Poppins-Light.ttf */ = {isa = PBXFileReference; lastKnownFileType = file; name = "Poppins-Light.ttf"; path = "../../../../../Downloads/Poppins/Poppins-Light.ttf"; sourceTree = "<group>"; };
		8C6570AE2B5B1AC1004B5986 /* Poppins-ThinItalic.ttf */ = {isa = PBXFileReference; lastKnownFileType = file; name = "Poppins-ThinItalic.ttf"; path = "../../../../../Downloads/Poppins/Poppins-ThinItalic.ttf"; sourceTree = "<group>"; };
		8C6570AF2B5B1AC1004B5986 /* Poppins-Bold.ttf */ = {isa = PBXFileReference; lastKnownFileType = file; name = "Poppins-Bold.ttf"; path = "../../../../../Downloads/Poppins/Poppins-Bold.ttf"; sourceTree = "<group>"; };
		8C6570B02B5B1AC1004B5986 /* Poppins-ExtraBold.ttf */ = {isa = PBXFileReference; lastKnownFileType = file; name = "Poppins-ExtraBold.ttf"; path = "../../../../../Downloads/Poppins/Poppins-ExtraBold.ttf"; sourceTree = "<group>"; };
		8C6570B12B5B1AC1004B5986 /* Poppins-ExtraBoldItalic.ttf */ = {isa = PBXFileReference; lastKnownFileType = file; name = "Poppins-ExtraBoldItalic.ttf"; path = "../../../../../Downloads/Poppins/Poppins-ExtraBoldItalic.ttf"; sourceTree = "<group>"; };
		8C6570B22B5B1AC1004B5986 /* Poppins-MediumItalic.ttf */ = {isa = PBXFileReference; lastKnownFileType = file; name = "Poppins-MediumItalic.ttf"; path = "../../../../../Downloads/Poppins/Poppins-MediumItalic.ttf"; sourceTree = "<group>"; };
		8C6570B32B5B1AC2004B5986 /* Poppins-SemiBold.ttf */ = {isa = PBXFileReference; lastKnownFileType = file; name = "Poppins-SemiBold.ttf"; path = "../../../../../Downloads/Poppins/Poppins-SemiBold.ttf"; sourceTree = "<group>"; };
		8C6570B42B5B1AC2004B5986 /* Poppins-BoldItalic.ttf */ = {isa = PBXFileReference; lastKnownFileType = file; name = "Poppins-BoldItalic.ttf"; path = "../../../../../Downloads/Poppins/Poppins-BoldItalic.ttf"; sourceTree = "<group>"; };
		8C6570B52B5B1AC2004B5986 /* Poppins-Black.ttf */ = {isa = PBXFileReference; lastKnownFileType = file; name = "Poppins-Black.ttf"; path = "../../../../../Downloads/Poppins/Poppins-Black.ttf"; sourceTree = "<group>"; };
		8C6570B62B5B1AC2004B5986 /* Poppins-Medium.ttf */ = {isa = PBXFileReference; lastKnownFileType = file; name = "Poppins-Medium.ttf"; path = "../../../../../Downloads/Poppins/Poppins-Medium.ttf"; sourceTree = "<group>"; };
		8C6570B72B5B1AC2004B5986 /* Poppins-BlackItalic.ttf */ = {isa = PBXFileReference; lastKnownFileType = file; name = "Poppins-BlackItalic.ttf"; path = "../../../../../Downloads/Poppins/Poppins-BlackItalic.ttf"; sourceTree = "<group>"; };
		8C6570B82B5B1AC2004B5986 /* Poppins-Italic.ttf */ = {isa = PBXFileReference; lastKnownFileType = file; name = "Poppins-Italic.ttf"; path = "../../../../../Downloads/Poppins/Poppins-Italic.ttf"; sourceTree = "<group>"; };
		8C6570B92B5B1AC2004B5986 /* Poppins-SemiBoldItalic.ttf */ = {isa = PBXFileReference; lastKnownFileType = file; name = "Poppins-SemiBoldItalic.ttf"; path = "../../../../../Downloads/Poppins/Poppins-SemiBoldItalic.ttf"; sourceTree = "<group>"; };
		8C6570BA2B5B1AC2004B5986 /* Poppins-ExtraLight.ttf */ = {isa = PBXFileReference; lastKnownFileType = file; name = "Poppins-ExtraLight.ttf"; path = "../../../../../Downloads/Poppins/Poppins-ExtraLight.ttf"; sourceTree = "<group>"; };
		8C6570BB2B5B1AC2004B5986 /* Poppins-ExtraLightItalic.ttf */ = {isa = PBXFileReference; lastKnownFileType = file; name = "Poppins-ExtraLightItalic.ttf"; path = "../../../../../Downloads/Poppins/Poppins-ExtraLightItalic.ttf"; sourceTree = "<group>"; };
		8C6570BC2B5B1AC2004B5986 /* Poppins-Thin.ttf */ = {isa = PBXFileReference; lastKnownFileType = file; name = "Poppins-Thin.ttf"; path = "../../../../../Downloads/Poppins/Poppins-Thin.ttf"; sourceTree = "<group>"; };
		8C6570BD2B5B1AC2004B5986 /* Poppins-Regular.ttf */ = {isa = PBXFileReference; lastKnownFileType = file; name = "Poppins-Regular.ttf"; path = "../../../../../Downloads/Poppins/Poppins-Regular.ttf"; sourceTree = "<group>"; };
		8CEB9FCD2B50093B0094AEEA /* Taste Saga.app */ = {isa = PBXFileReference; explicitFileType = wrapper.application; includeInIndex = 0; path = "Taste Saga.app"; sourceTree = BUILT_PRODUCTS_DIR; };
		8CEB9FD02B50093B0094AEEA /* AppDelegate.swift */ = {isa = PBXFileReference; lastKnownFileType = sourcecode.swift; path = AppDelegate.swift; sourceTree = "<group>"; };
		8CEB9FD22B50093B0094AEEA /* SceneDelegate.swift */ = {isa = PBXFileReference; lastKnownFileType = sourcecode.swift; path = SceneDelegate.swift; sourceTree = "<group>"; };
		8CEB9FD42B50093B0094AEEA /* ViewController.swift */ = {isa = PBXFileReference; lastKnownFileType = sourcecode.swift; path = ViewController.swift; sourceTree = "<group>"; };
		8CEB9FD72B50093B0094AEEA /* Base */ = {isa = PBXFileReference; lastKnownFileType = file.storyboard; name = Base; path = Base.lproj/Main.storyboard; sourceTree = "<group>"; };
		8CEB9FD92B50093D0094AEEA /* Assets.xcassets */ = {isa = PBXFileReference; lastKnownFileType = folder.assetcatalog; path = Assets.xcassets; sourceTree = "<group>"; };
		8CEB9FDC2B50093D0094AEEA /* Base */ = {isa = PBXFileReference; lastKnownFileType = file.storyboard; name = Base; path = Base.lproj/LaunchScreen.storyboard; sourceTree = "<group>"; };
		8CEB9FDE2B50093D0094AEEA /* Info.plist */ = {isa = PBXFileReference; lastKnownFileType = text.plist.xml; path = Info.plist; sourceTree = "<group>"; };
/* End PBXFileReference section */

/* Begin PBXFrameworksBuildPhase section */
		8CEB9FCA2B50093B0094AEEA /* Frameworks */ = {
			isa = PBXFrameworksBuildPhase;
			buildActionMask = 2147483647;
			files = (
			);
			runOnlyForDeploymentPostprocessing = 0;
		};
/* End PBXFrameworksBuildPhase section */

/* Begin PBXGroup section */
		8C26EB752B528DEE00C625CF /* Font */ = {
			isa = PBXGroup;
			children = (
				8C6570B52B5B1AC2004B5986 /* Poppins-Black.ttf */,
				8C6570B72B5B1AC2004B5986 /* Poppins-BlackItalic.ttf */,
				8C6570AF2B5B1AC1004B5986 /* Poppins-Bold.ttf */,
				8C6570B42B5B1AC2004B5986 /* Poppins-BoldItalic.ttf */,
				8C6570B02B5B1AC1004B5986 /* Poppins-ExtraBold.ttf */,
				8C6570B12B5B1AC1004B5986 /* Poppins-ExtraBoldItalic.ttf */,
				8C6570BA2B5B1AC2004B5986 /* Poppins-ExtraLight.ttf */,
				8C6570BB2B5B1AC2004B5986 /* Poppins-ExtraLightItalic.ttf */,
				8C6570B82B5B1AC2004B5986 /* Poppins-Italic.ttf */,
				8C6570AD2B5B1AC1004B5986 /* Poppins-Light.ttf */,
				8C6570AC2B5B1AC1004B5986 /* Poppins-LightItalic.ttf */,
				8C6570B62B5B1AC2004B5986 /* Poppins-Medium.ttf */,
				8C6570B22B5B1AC1004B5986 /* Poppins-MediumItalic.ttf */,
				8C6570BD2B5B1AC2004B5986 /* Poppins-Regular.ttf */,
				8C6570B32B5B1AC2004B5986 /* Poppins-SemiBold.ttf */,
				8C6570B92B5B1AC2004B5986 /* Poppins-SemiBoldItalic.ttf */,
				8C6570BC2B5B1AC2004B5986 /* Poppins-Thin.ttf */,
				8C6570AE2B5B1AC1004B5986 /* Poppins-ThinItalic.ttf */,
			);
			path = Font;
			sourceTree = "<group>";
		};
		8CEB9FC42B50093B0094AEEA = {
			isa = PBXGroup;
			children = (
				8CEB9FCF2B50093B0094AEEA /* Taste Saga */,
				8CEB9FCE2B50093B0094AEEA /* Products */,
			);
			sourceTree = "<group>";
		};
		8CEB9FCE2B50093B0094AEEA /* Products */ = {
			isa = PBXGroup;
			children = (
				8CEB9FCD2B50093B0094AEEA /* Taste Saga.app */,
			);
			name = Products;
			sourceTree = "<group>";
		};
		8CEB9FCF2B50093B0094AEEA /* Taste Saga */ = {
			isa = PBXGroup;
			children = (
				8CEB9FD02B50093B0094AEEA /* AppDelegate.swift */,
				8CEB9FD22B50093B0094AEEA /* SceneDelegate.swift */,
				8CEB9FD42B50093B0094AEEA /* ViewController.swift */,
				8C26EB752B528DEE00C625CF /* Font */,
				8CEB9FD62B50093B0094AEEA /* Main.storyboard */,
				8CEB9FD92B50093D0094AEEA /* Assets.xcassets */,
				8CEB9FDB2B50093D0094AEEA /* LaunchScreen.storyboard */,
				8CEB9FDE2B50093D0094AEEA /* Info.plist */,
			);
			path = "Taste Saga";
			sourceTree = "<group>";
		};
/* End PBXGroup section */

/* Begin PBXNativeTarget section */
		8CEB9FCC2B50093B0094AEEA /* Taste Saga */ = {
			isa = PBXNativeTarget;
			buildConfigurationList = 8CEB9FE12B50093D0094AEEA /* Build configuration list for PBXNativeTarget "Taste Saga" */;
			buildPhases = (
				8CEB9FC92B50093B0094AEEA /* Sources */,
				8CEB9FCA2B50093B0094AEEA /* Frameworks */,
				8CEB9FCB2B50093B0094AEEA /* Resources */,
			);
			buildRules = (
			);
			dependencies = (
			);
			name = "Taste Saga";
			productName = "Taste Saga";
			productReference = 8CEB9FCD2B50093B0094AEEA /* Taste Saga.app */;
			productType = "com.apple.product-type.application";
		};
/* End PBXNativeTarget section */

/* Begin PBXProject section */
		8CEB9FC52B50093B0094AEEA /* Project object */ = {
			isa = PBXProject;
			attributes = {
				BuildIndependentTargetsInParallel = 1;
				LastSwiftUpdateCheck = 1500;
				LastUpgradeCheck = 1500;
				TargetAttributes = {
					8CEB9FCC2B50093B0094AEEA = {
						CreatedOnToolsVersion = 15.0.1;
					};
				};
			};
			buildConfigurationList = 8CEB9FC82B50093B0094AEEA /* Build configuration list for PBXProject "Taste Saga" */;
			compatibilityVersion = "Xcode 14.0";
			developmentRegion = en;
			hasScannedForEncodings = 0;
			knownRegions = (
				en,
				Base,
			);
			mainGroup = 8CEB9FC42B50093B0094AEEA;
			productRefGroup = 8CEB9FCE2B50093B0094AEEA /* Products */;
			projectDirPath = "";
			projectRoot = "";
			targets = (
				8CEB9FCC2B50093B0094AEEA /* Taste Saga */,
			);
		};
/* End PBXProject section */

/* Begin PBXResourcesBuildPhase section */
		8CEB9FCB2B50093B0094AEEA /* Resources */ = {
			isa = PBXResourcesBuildPhase;
			buildActionMask = 2147483647;
			files = (
				8CEB9FDD2B50093D0094AEEA /* LaunchScreen.storyboard in Resources */,
				8C6570C82B5B1AC2004B5986 /* Poppins-Medium.ttf in Resources */,
				8C6570CD2B5B1AC2004B5986 /* Poppins-ExtraLightItalic.ttf in Resources */,
				8C6570BF2B5B1AC2004B5986 /* Poppins-Light.ttf in Resources */,
				8C6570C52B5B1AC2004B5986 /* Poppins-SemiBold.ttf in Resources */,
				8C6570CB2B5B1AC2004B5986 /* Poppins-SemiBoldItalic.ttf in Resources */,
				8C6570C72B5B1AC2004B5986 /* Poppins-Black.ttf in Resources */,
				8C6570C62B5B1AC2004B5986 /* Poppins-BoldItalic.ttf in Resources */,
				8C6570C12B5B1AC2004B5986 /* Poppins-Bold.ttf in Resources */,
				8C6570CF2B5B1AC2004B5986 /* Poppins-Regular.ttf in Resources */,
				8C6570CE2B5B1AC2004B5986 /* Poppins-Thin.ttf in Resources */,
				8C6570C92B5B1AC2004B5986 /* Poppins-BlackItalic.ttf in Resources */,
				8C6570C32B5B1AC2004B5986 /* Poppins-ExtraBoldItalic.ttf in Resources */,
				8CEB9FDA2B50093D0094AEEA /* Assets.xcassets in Resources */,
				8C6570CA2B5B1AC2004B5986 /* Poppins-Italic.ttf in Resources */,
				8C6570CC2B5B1AC2004B5986 /* Poppins-ExtraLight.ttf in Resources */,
				8C6570C22B5B1AC2004B5986 /* Poppins-ExtraBold.ttf in Resources */,
				8C6570C02B5B1AC2004B5986 /* Poppins-ThinItalic.ttf in Resources */,
				8CEB9FD82B50093B0094AEEA /* Main.storyboard in Resources */,
				8C6570BE2B5B1AC2004B5986 /* Poppins-LightItalic.ttf in Resources */,
				8C6570C42B5B1AC2004B5986 /* Poppins-MediumItalic.ttf in Resources */,
			);
			runOnlyForDeploymentPostprocessing = 0;
		};
/* End PBXResourcesBuildPhase section */

/* Begin PBXSourcesBuildPhase section */
		8CEB9FC92B50093B0094AEEA /* Sources */ = {
			isa = PBXSourcesBuildPhase;
			buildActionMask = 2147483647;
			files = (
				8CEB9FD52B50093B0094AEEA /* ViewController.swift in Sources */,
				8CEB9FD12B50093B0094AEEA /* AppDelegate.swift in Sources */,
				8CEB9FD32B50093B0094AEEA /* SceneDelegate.swift in Sources */,
			);
			runOnlyForDeploymentPostprocessing = 0;
		};
/* End PBXSourcesBuildPhase section */

/* Begin PBXVariantGroup section */
		8CEB9FD62B50093B0094AEEA /* Main.storyboard */ = {
			isa = PBXVariantGroup;
			children = (
				8CEB9FD72B50093B0094AEEA /* Base */,
			);
			name = Main.storyboard;
			sourceTree = "<group>";
		};
		8CEB9FDB2B50093D0094AEEA /* LaunchScreen.storyboard */ = {
			isa = PBXVariantGroup;
			children = (
				8CEB9FDC2B50093D0094AEEA /* Base */,
			);
			name = LaunchScreen.storyboard;
			sourceTree = "<group>";
		};
/* End PBXVariantGroup section */

/* Begin XCBuildConfiguration section */
		8CEB9FDF2B50093D0094AEEA /* Debug */ = {
			isa = XCBuildConfiguration;
			buildSettings = {
				ALWAYS_SEARCH_USER_PATHS = NO;
				ASSETCATALOG_COMPILER_GENERATE_SWIFT_ASSET_SYMBOL_EXTENSIONS = YES;
				CLANG_ANALYZER_NONNULL = YES;
				CLANG_ANALYZER_NUMBER_OBJECT_CONVERSION = YES_AGGRESSIVE;
				CLANG_CXX_LANGUAGE_STANDARD = "gnu++20";
				CLANG_ENABLE_MODULES = YES;
				CLANG_ENABLE_OBJC_ARC = YES;
				CLANG_ENABLE_OBJC_WEAK = YES;
				CLANG_WARN_BLOCK_CAPTURE_AUTORELEASING = YES;
				CLANG_WARN_BOOL_CONVERSION = YES;
				CLANG_WARN_COMMA = YES;
				CLANG_WARN_CONSTANT_CONVERSION = YES;
				CLANG_WARN_DEPRECATED_OBJC_IMPLEMENTATIONS = YES;
				CLANG_WARN_DIRECT_OBJC_ISA_USAGE = YES_ERROR;
				CLANG_WARN_DOCUMENTATION_COMMENTS = YES;
				CLANG_WARN_EMPTY_BODY = YES;
				CLANG_WARN_ENUM_CONVERSION = YES;
				CLANG_WARN_INFINITE_RECURSION = YES;
				CLANG_WARN_INT_CONVERSION = YES;
				CLANG_WARN_NON_LITERAL_NULL_CONVERSION = YES;
				CLANG_WARN_OBJC_IMPLICIT_RETAIN_SELF = YES;
				CLANG_WARN_OBJC_LITERAL_CONVERSION = YES;
				CLANG_WARN_OBJC_ROOT_CLASS = YES_ERROR;
				CLANG_WARN_QUOTED_INCLUDE_IN_FRAMEWORK_HEADER = YES;
				CLANG_WARN_RANGE_LOOP_ANALYSIS = YES;
				CLANG_WARN_STRICT_PROTOTYPES = YES;
				CLANG_WARN_SUSPICIOUS_MOVE = YES;
				CLANG_WARN_UNGUARDED_AVAILABILITY = YES_AGGRESSIVE;
				CLANG_WARN_UNREACHABLE_CODE = YES;
				CLANG_WARN__DUPLICATE_METHOD_MATCH = YES;
				COPY_PHASE_STRIP = NO;
				DEBUG_INFORMATION_FORMAT = dwarf;
				ENABLE_STRICT_OBJC_MSGSEND = YES;
				ENABLE_TESTABILITY = YES;
				ENABLE_USER_SCRIPT_SANDBOXING = YES;
				GCC_C_LANGUAGE_STANDARD = gnu17;
				GCC_DYNAMIC_NO_PIC = NO;
				GCC_NO_COMMON_BLOCKS = YES;
				GCC_OPTIMIZATION_LEVEL = 0;
				GCC_PREPROCESSOR_DEFINITIONS = (
					"DEBUG=1",
					"$(inherited)",
				);
				GCC_WARN_64_TO_32_BIT_CONVERSION = YES;
				GCC_WARN_ABOUT_RETURN_TYPE = YES_ERROR;
				GCC_WARN_UNDECLARED_SELECTOR = YES;
				GCC_WARN_UNINITIALIZED_AUTOS = YES_AGGRESSIVE;
				GCC_WARN_UNUSED_FUNCTION = YES;
				GCC_WARN_UNUSED_VARIABLE = YES;
				IPHONEOS_DEPLOYMENT_TARGET = 17.0;
				LOCALIZATION_PREFERS_STRING_CATALOGS = YES;
				MTL_ENABLE_DEBUG_INFO = INCLUDE_SOURCE;
				MTL_FAST_MATH = YES;
				ONLY_ACTIVE_ARCH = YES;
				SDKROOT = iphoneos;
				SWIFT_ACTIVE_COMPILATION_CONDITIONS = "DEBUG $(inherited)";
				SWIFT_OPTIMIZATION_LEVEL = "-Onone";
			};
			name = Debug;
		};
		8CEB9FE02B50093D0094AEEA /* Release */ = {
			isa = XCBuildConfiguration;
			buildSettings = {
				ALWAYS_SEARCH_USER_PATHS = NO;
				ASSETCATALOG_COMPILER_GENERATE_SWIFT_ASSET_SYMBOL_EXTENSIONS = YES;
				CLANG_ANALYZER_NONNULL = YES;
				CLANG_ANALYZER_NUMBER_OBJECT_CONVERSION = YES_AGGRESSIVE;
				CLANG_CXX_LANGUAGE_STANDARD = "gnu++20";
				CLANG_ENABLE_MODULES = YES;
				CLANG_ENABLE_OBJC_ARC = YES;
				CLANG_ENABLE_OBJC_WEAK = YES;
				CLANG_WARN_BLOCK_CAPTURE_AUTORELEASING = YES;
				CLANG_WARN_BOOL_CONVERSION = YES;
				CLANG_WARN_COMMA = YES;
				CLANG_WARN_CONSTANT_CONVERSION = YES;
				CLANG_WARN_DEPRECATED_OBJC_IMPLEMENTATIONS = YES;
				CLANG_WARN_DIRECT_OBJC_ISA_USAGE = YES_ERROR;
				CLANG_WARN_DOCUMENTATION_COMMENTS = YES;
				CLANG_WARN_EMPTY_BODY = YES;
				CLANG_WARN_ENUM_CONVERSION = YES;
				CLANG_WARN_INFINITE_RECURSION = YES;
				CLANG_WARN_INT_CONVERSION = YES;
				CLANG_WARN_NON_LITERAL_NULL_CONVERSION = YES;
				CLANG_WARN_OBJC_IMPLICIT_RETAIN_SELF = YES;
				CLANG_WARN_OBJC_LITERAL_CONVERSION = YES;
				CLANG_WARN_OBJC_ROOT_CLASS = YES_ERROR;
				CLANG_WARN_QUOTED_INCLUDE_IN_FRAMEWORK_HEADER = YES;
				CLANG_WARN_RANGE_LOOP_ANALYSIS = YES;
				CLANG_WARN_STRICT_PROTOTYPES = YES;
				CLANG_WARN_SUSPICIOUS_MOVE = YES;
				CLANG_WARN_UNGUARDED_AVAILABILITY = YES_AGGRESSIVE;
				CLANG_WARN_UNREACHABLE_CODE = YES;
				CLANG_WARN__DUPLICATE_METHOD_MATCH = YES;
				COPY_PHASE_STRIP = NO;
				DEBUG_INFORMATION_FORMAT = "dwarf-with-dsym";
				ENABLE_NS_ASSERTIONS = NO;
				ENABLE_STRICT_OBJC_MSGSEND = YES;
				ENABLE_USER_SCRIPT_SANDBOXING = YES;
				GCC_C_LANGUAGE_STANDARD = gnu17;
				GCC_NO_COMMON_BLOCKS = YES;
				GCC_WARN_64_TO_32_BIT_CONVERSION = YES;
				GCC_WARN_ABOUT_RETURN_TYPE = YES_ERROR;
				GCC_WARN_UNDECLARED_SELECTOR = YES;
				GCC_WARN_UNINITIALIZED_AUTOS = YES_AGGRESSIVE;
				GCC_WARN_UNUSED_FUNCTION = YES;
				GCC_WARN_UNUSED_VARIABLE = YES;
				IPHONEOS_DEPLOYMENT_TARGET = 17.0;
				LOCALIZATION_PREFERS_STRING_CATALOGS = YES;
				MTL_ENABLE_DEBUG_INFO = NO;
				MTL_FAST_MATH = YES;
				SDKROOT = iphoneos;
				SWIFT_COMPILATION_MODE = wholemodule;
				VALIDATE_PRODUCT = YES;
			};
			name = Release;
		};
		8CEB9FE22B50093D0094AEEA /* Debug */ = {
			isa = XCBuildConfiguration;
			buildSettings = {
				ASSETCATALOG_COMPILER_APPICON_NAME = AppIcon;
				ASSETCATALOG_COMPILER_GLOBAL_ACCENT_COLOR_NAME = AccentColor;
				CODE_SIGN_STYLE = Automatic;
				CURRENT_PROJECT_VERSION = 1;
				GENERATE_INFOPLIST_FILE = YES;
				INFOPLIST_FILE = "Taste Saga/Info.plist";
				INFOPLIST_KEY_UIApplicationSupportsIndirectInputEvents = YES;
				INFOPLIST_KEY_UILaunchStoryboardName = LaunchScreen;
				INFOPLIST_KEY_UIMainStoryboardFile = Main;
				INFOPLIST_KEY_UISupportedInterfaceOrientations_iPad = "UIInterfaceOrientationPortrait UIInterfaceOrientationPortraitUpsideDown UIInterfaceOrientationLandscapeLeft UIInterfaceOrientationLandscapeRight";
				INFOPLIST_KEY_UISupportedInterfaceOrientations_iPhone = "UIInterfaceOrientationPortrait UIInterfaceOrientationLandscapeLeft UIInterfaceOrientationLandscapeRight";
				LD_RUNPATH_SEARCH_PATHS = (
					"$(inherited)",
					"@executable_path/Frameworks",
				);
				MARKETING_VERSION = 1.0;
				PRODUCT_BUNDLE_IDENTIFIER = "zohraguliyeva.Taste-Saga";
				PRODUCT_NAME = "$(TARGET_NAME)";
				SWIFT_EMIT_LOC_STRINGS = YES;
				SWIFT_VERSION = 5.0;
				TARGETED_DEVICE_FAMILY = "1,2";
			};
			name = Debug;
		};
		8CEB9FE32B50093D0094AEEA /* Release */ = {
			isa = XCBuildConfiguration;
			buildSettings = {
				ASSETCATALOG_COMPILER_APPICON_NAME = AppIcon;
				ASSETCATALOG_COMPILER_GLOBAL_ACCENT_COLOR_NAME = AccentColor;
				CODE_SIGN_STYLE = Automatic;
				CURRENT_PROJECT_VERSION = 1;
				GENERATE_INFOPLIST_FILE = YES;
				INFOPLIST_FILE = "Taste Saga/Info.plist";
				INFOPLIST_KEY_UIApplicationSupportsIndirectInputEvents = YES;
				INFOPLIST_KEY_UILaunchStoryboardName = LaunchScreen;
				INFOPLIST_KEY_UIMainStoryboardFile = Main;
				INFOPLIST_KEY_UISupportedInterfaceOrientations_iPad = "UIInterfaceOrientationPortrait UIInterfaceOrientationPortraitUpsideDown UIInterfaceOrientationLandscapeLeft UIInterfaceOrientationLandscapeRight";
				INFOPLIST_KEY_UISupportedInterfaceOrientations_iPhone = "UIInterfaceOrientationPortrait UIInterfaceOrientationLandscapeLeft UIInterfaceOrientationLandscapeRight";
				LD_RUNPATH_SEARCH_PATHS = (
					"$(inherited)",
					"@executable_path/Frameworks",
				);
				MARKETING_VERSION = 1.0;
				PRODUCT_BUNDLE_IDENTIFIER = "zohraguliyeva.Taste-Saga";
				PRODUCT_NAME = "$(TARGET_NAME)";
				SWIFT_EMIT_LOC_STRINGS = YES;
				SWIFT_VERSION = 5.0;
				TARGETED_DEVICE_FAMILY = "1,2";
			};
			name = Release;
		};
/* End XCBuildConfiguration section */

/* Begin XCConfigurationList section */
		8CEB9FC82B50093B0094AEEA /* Build configuration list for PBXProject "Taste Saga" */ = {
			isa = XCConfigurationList;
			buildConfigurations = (
				8CEB9FDF2B50093D0094AEEA /* Debug */,
				8CEB9FE02B50093D0094AEEA /* Release */,
			);
			defaultConfigurationIsVisible = 0;
			defaultConfigurationName = Release;
		};
		8CEB9FE12B50093D0094AEEA /* Build configuration list for PBXNativeTarget "Taste Saga" */ = {
			isa = XCConfigurationList;
			buildConfigurations = (
				8CEB9FE22B50093D0094AEEA /* Debug */,
				8CEB9FE32B50093D0094AEEA /* Release */,
			);
			defaultConfigurationIsVisible = 0;
			defaultConfigurationName = Release;
		};
/* End XCConfigurationList section */
	};
	rootObject = 8CEB9FC52B50093B0094AEEA /* Project object */;
}
